// !$*UTF8*$!
{
	archiveVersion = 1;
	classes = {
	};
	objectVersion = 56;
	objects = {

/* Begin PBXBuildFile section */
		0D192E892C8FD76800347489 /* config.xml in Resources */ = {isa = PBXBuildFile; fileRef = 0D192E882C8FD76800347489 /* config.xml */; };
		0D192E952C8FD8BE00347489 /* AssetsLibrary.framework in Frameworks */ = {isa = PBXBuildFile; fileRef = 0D192E942C8FD8BE00347489 /* AssetsLibrary.framework */; };
		0D192E972C8FD8C900347489 /* CoreLocation.framework in Frameworks */ = {isa = PBXBuildFile; fileRef = 0D192E962C8FD8C900347489 /* CoreLocation.framework */; };
		0D192E992C8FD8D800347489 /* CoreGraphics.framework in Frameworks */ = {isa = PBXBuildFile; fileRef = 0D192E982C8FD8D800347489 /* CoreGraphics.framework */; };
		0D192E9B2C8FD8E600347489 /* MobileCoreServices.framework in Frameworks */ = {isa = PBXBuildFile; fileRef = 0D192E9A2C8FD8E600347489 /* MobileCoreServices.framework */; };
		0D192E9E2C8FD92400347489 /* libCordova.a in Frameworks */ = {isa = PBXBuildFile; fileRef = 0D192E902C8FD7C500347489 /* libCordova.a */; };
		0D192EA02C8FDC2100347489 /* www in Resources */ = {isa = PBXBuildFile; fileRef = 0D192E9F2C8FDC2100347489 /* www */; };
		0D192EBD2C903F2700347489 /* CDVCamera.m in Sources */ = {isa = PBXBuildFile; fileRef = 0D192EAC2C903F2700347489 /* CDVCamera.m */; };
		0D192EBE2C903F2700347489 /* CDVJpegHeaderWriter.m in Sources */ = {isa = PBXBuildFile; fileRef = 0D192EAF2C903F2700347489 /* CDVJpegHeaderWriter.m */; };
		0D192EBF2C903F2700347489 /* UIImage+CropScaleOrientation.m in Sources */ = {isa = PBXBuildFile; fileRef = 0D192EB12C903F2700347489 /* UIImage+CropScaleOrientation.m */; };
		0D192EC02C903F2700347489 /* CDVInAppBrowserNavigationController.m in Sources */ = {isa = PBXBuildFile; fileRef = 0D192EB42C903F2700347489 /* CDVInAppBrowserNavigationController.m */; };
		0D192EC12C903F2700347489 /* CDVInAppBrowserOptions.m in Sources */ = {isa = PBXBuildFile; fileRef = 0D192EB62C903F2700347489 /* CDVInAppBrowserOptions.m */; };
		0D192EC22C903F2700347489 /* CDVWKInAppBrowser.m in Sources */ = {isa = PBXBuildFile; fileRef = 0D192EB82C903F2700347489 /* CDVWKInAppBrowser.m */; };
		0D192EC32C903F2700347489 /* CDVWKInAppBrowserUIDelegate.m in Sources */ = {isa = PBXBuildFile; fileRef = 0D192EBA2C903F2700347489 /* CDVWKInAppBrowserUIDelegate.m */; };
		0D2C7B662C8FCF2600039B6A /* AppDelegate.swift in Sources */ = {isa = PBXBuildFile; fileRef = 0D2C7B652C8FCF2600039B6A /* AppDelegate.swift */; };
		0D2C7B682C8FCF2600039B6A /* SceneDelegate.swift in Sources */ = {isa = PBXBuildFile; fileRef = 0D2C7B672C8FCF2600039B6A /* SceneDelegate.swift */; };
		0D2C7B6A2C8FCF2600039B6A /* ViewController.swift in Sources */ = {isa = PBXBuildFile; fileRef = 0D2C7B692C8FCF2600039B6A /* ViewController.swift */; };
		0D2C7B6D2C8FCF2600039B6A /* Base in Resources */ = {isa = PBXBuildFile; fileRef = 0D2C7B6C2C8FCF2600039B6A /* Base */; };
		0D2C7B6F2C8FCF2800039B6A /* Assets.xcassets in Resources */ = {isa = PBXBuildFile; fileRef = 0D2C7B6E2C8FCF2800039B6A /* Assets.xcassets */; };
		0D2C7B722C8FCF2800039B6A /* Base in Resources */ = {isa = PBXBuildFile; fileRef = 0D2C7B712C8FCF2800039B6A /* Base */; };
/* End PBXBuildFile section */

/* Begin PBXContainerItemProxy section */
		0D192E8F2C8FD7C500347489 /* PBXContainerItemProxy */ = {
			isa = PBXContainerItemProxy;
			containerPortal = 0D192E8A2C8FD7C500347489 /* CordovaLib.xcodeproj */;
			proxyType = 2;
			remoteGlobalIDString = 68A32D7114102E1C006B237C;
			remoteInfo = CordovaLib;
		};
		0D192E912C8FD7C500347489 /* PBXContainerItemProxy */ = {
			isa = PBXContainerItemProxy;
			containerPortal = 0D192E8A2C8FD7C500347489 /* CordovaLib.xcodeproj */;
			proxyType = 2;
			remoteGlobalIDString = C0C01EB21E3911D50056E6CB;
			remoteInfo = Cordova;
		};
		0D192E9C2C8FD90F00347489 /* PBXContainerItemProxy */ = {
			isa = PBXContainerItemProxy;
			containerPortal = 0D192E8A2C8FD7C500347489 /* CordovaLib.xcodeproj */;
			proxyType = 1;
			remoteGlobalIDString = D2AAC07D0554694100DB518D;
			remoteInfo = CordovaLib;
		};
/* End PBXContainerItemProxy section */

/* Begin PBXFileReference section */
		0D192E882C8FD76800347489 /* config.xml */ = {isa = PBXFileReference; fileEncoding = 4; lastKnownFileType = text.xml; path = config.xml; sourceTree = "<group>"; };
		0D192E8A2C8FD7C500347489 /* CordovaLib.xcodeproj */ = {isa = PBXFileReference; lastKnownFileType = "wrapper.pb-project"; name = CordovaLib.xcodeproj; path = CordovaLib/CordovaLib.xcodeproj; sourceTree = "<group>"; };
		0D192E942C8FD8BE00347489 /* AssetsLibrary.framework */ = {isa = PBXFileReference; lastKnownFileType = wrapper.framework; name = AssetsLibrary.framework; path = System/Library/Frameworks/AssetsLibrary.framework; sourceTree = SDKROOT; };
		0D192E962C8FD8C900347489 /* CoreLocation.framework */ = {isa = PBXFileReference; lastKnownFileType = wrapper.framework; name = CoreLocation.framework; path = System/Library/Frameworks/CoreLocation.framework; sourceTree = SDKROOT; };
		0D192E982C8FD8D800347489 /* CoreGraphics.framework */ = {isa = PBXFileReference; lastKnownFileType = wrapper.framework; name = CoreGraphics.framework; path = System/Library/Frameworks/CoreGraphics.framework; sourceTree = SDKROOT; };
		0D192E9A2C8FD8E600347489 /* MobileCoreServices.framework */ = {isa = PBXFileReference; lastKnownFileType = wrapper.framework; name = MobileCoreServices.framework; path = System/Library/Frameworks/MobileCoreServices.framework; sourceTree = SDKROOT; };
		0D192E9F2C8FDC2100347489 /* www */ = {isa = PBXFileReference; lastKnownFileType = folder; path = www; sourceTree = "<group>"; };
		0D192EA12C8FE06F00347489 /* helloS-Bridging-Header.h */ = {isa = PBXFileReference; lastKnownFileType = sourcecode.c.h; path = "helloS-Bridging-Header.h"; sourceTree = "<group>"; };
		0D192EAB2C903F2700347489 /* CDVCamera.h */ = {isa = PBXFileReference; fileEncoding = 4; lastKnownFileType = sourcecode.c.h; path = CDVCamera.h; sourceTree = "<group>"; };
		0D192EAC2C903F2700347489 /* CDVCamera.m */ = {isa = PBXFileReference; fileEncoding = 4; lastKnownFileType = sourcecode.c.objc; path = CDVCamera.m; sourceTree = "<group>"; };
		0D192EAD2C903F2700347489 /* CDVExif.h */ = {isa = PBXFileReference; fileEncoding = 4; lastKnownFileType = sourcecode.c.h; path = CDVExif.h; sourceTree = "<group>"; };
		0D192EAE2C903F2700347489 /* CDVJpegHeaderWriter.h */ = {isa = PBXFileReference; fileEncoding = 4; lastKnownFileType = sourcecode.c.h; path = CDVJpegHeaderWriter.h; sourceTree = "<group>"; };
		0D192EAF2C903F2700347489 /* CDVJpegHeaderWriter.m */ = {isa = PBXFileReference; fileEncoding = 4; lastKnownFileType = sourcecode.c.objc; path = CDVJpegHeaderWriter.m; sourceTree = "<group>"; };
		0D192EB02C903F2700347489 /* UIImage+CropScaleOrientation.h */ = {isa = PBXFileReference; fileEncoding = 4; lastKnownFileType = sourcecode.c.h; path = "UIImage+CropScaleOrientation.h"; sourceTree = "<group>"; };
		0D192EB12C903F2700347489 /* UIImage+CropScaleOrientation.m */ = {isa = PBXFileReference; fileEncoding = 4; lastKnownFileType = sourcecode.c.objc; path = "UIImage+CropScaleOrientation.m"; sourceTree = "<group>"; };
		0D192EB32C903F2700347489 /* CDVInAppBrowserNavigationController.h */ = {isa = PBXFileReference; fileEncoding = 4; lastKnownFileType = sourcecode.c.h; path = CDVInAppBrowserNavigationController.h; sourceTree = "<group>"; };
		0D192EB42C903F2700347489 /* CDVInAppBrowserNavigationController.m */ = {isa = PBXFileReference; fileEncoding = 4; lastKnownFileType = sourcecode.c.objc; path = CDVInAppBrowserNavigationController.m; sourceTree = "<group>"; };
		0D192EB52C903F2700347489 /* CDVInAppBrowserOptions.h */ = {isa = PBXFileReference; fileEncoding = 4; lastKnownFileType = sourcecode.c.h; path = CDVInAppBrowserOptions.h; sourceTree = "<group>"; };
		0D192EB62C903F2700347489 /* CDVInAppBrowserOptions.m */ = {isa = PBXFileReference; fileEncoding = 4; lastKnownFileType = sourcecode.c.objc; path = CDVInAppBrowserOptions.m; sourceTree = "<group>"; };
		0D192EB72C903F2700347489 /* CDVWKInAppBrowser.h */ = {isa = PBXFileReference; fileEncoding = 4; lastKnownFileType = sourcecode.c.h; path = CDVWKInAppBrowser.h; sourceTree = "<group>"; };
		0D192EB82C903F2700347489 /* CDVWKInAppBrowser.m */ = {isa = PBXFileReference; fileEncoding = 4; lastKnownFileType = sourcecode.c.objc; path = CDVWKInAppBrowser.m; sourceTree = "<group>"; };
		0D192EB92C903F2700347489 /* CDVWKInAppBrowserUIDelegate.h */ = {isa = PBXFileReference; fileEncoding = 4; lastKnownFileType = sourcecode.c.h; path = CDVWKInAppBrowserUIDelegate.h; sourceTree = "<group>"; };
		0D192EBA2C903F2700347489 /* CDVWKInAppBrowserUIDelegate.m */ = {isa = PBXFileReference; fileEncoding = 4; lastKnownFileType = sourcecode.c.objc; path = CDVWKInAppBrowserUIDelegate.m; sourceTree = "<group>"; };
		0D2C7B622C8FCF2600039B6A /* helloS.app */ = {isa = PBXFileReference; explicitFileType = wrapper.application; includeInIndex = 0; path = helloS.app; sourceTree = BUILT_PRODUCTS_DIR; };
		0D2C7B652C8FCF2600039B6A /* AppDelegate.swift */ = {isa = PBXFileReference; lastKnownFileType = sourcecode.swift; path = AppDelegate.swift; sourceTree = "<group>"; };
		0D2C7B672C8FCF2600039B6A /* SceneDelegate.swift */ = {isa = PBXFileReference; lastKnownFileType = sourcecode.swift; path = SceneDelegate.swift; sourceTree = "<group>"; };
		0D2C7B692C8FCF2600039B6A /* ViewController.swift */ = {isa = PBXFileReference; lastKnownFileType = sourcecode.swift; path = ViewController.swift; sourceTree = "<group>"; };
		0D2C7B6C2C8FCF2600039B6A /* Base */ = {isa = PBXFileReference; lastKnownFileType = file.storyboard; name = Base; path = Base.lproj/Main.storyboard; sourceTree = "<group>"; };
		0D2C7B6E2C8FCF2800039B6A /* Assets.xcassets */ = {isa = PBXFileReference; lastKnownFileType = folder.assetcatalog; path = Assets.xcassets; sourceTree = "<group>"; };
		0D2C7B712C8FCF2800039B6A /* Base */ = {isa = PBXFileReference; lastKnownFileType = file.storyboard; name = Base; path = Base.lproj/LaunchScreen.storyboard; sourceTree = "<group>"; };
		0D2C7B732C8FCF2800039B6A /* Info.plist */ = {isa = PBXFileReference; lastKnownFileType = text.plist.xml; path = Info.plist; sourceTree = "<group>"; };
/* End PBXFileReference section */

/* Begin PBXFrameworksBuildPhase section */
		0D2C7B5F2C8FCF2600039B6A /* Frameworks */ = {
			isa = PBXFrameworksBuildPhase;
			buildActionMask = 2147483647;
			files = (
				0D192E9E2C8FD92400347489 /* libCordova.a in Frameworks */,
				0D192E9B2C8FD8E600347489 /* MobileCoreServices.framework in Frameworks */,
				0D192E992C8FD8D800347489 /* CoreGraphics.framework in Frameworks */,
				0D192E972C8FD8C900347489 /* CoreLocation.framework in Frameworks */,
				0D192E952C8FD8BE00347489 /* AssetsLibrary.framework in Frameworks */,
			);
			runOnlyForDeploymentPostprocessing = 0;
		};
/* End PBXFrameworksBuildPhase section */

/* Begin PBXGroup section */
		0D192E8B2C8FD7C500347489 /* Products */ = {
			isa = PBXGroup;
			children = (
				0D192E902C8FD7C500347489 /* libCordova.a */,
				0D192E922C8FD7C500347489 /* Cordova.framework */,
			);
			name = Products;
			sourceTree = "<group>";
		};
		0D192E932C8FD8BE00347489 /* Frameworks */ = {
			isa = PBXGroup;
			children = (
				0D192E9A2C8FD8E600347489 /* MobileCoreServices.framework */,
				0D192E982C8FD8D800347489 /* CoreGraphics.framework */,
				0D192E962C8FD8C900347489 /* CoreLocation.framework */,
				0D192E942C8FD8BE00347489 /* AssetsLibrary.framework */,
			);
			name = Frameworks;
			sourceTree = "<group>";
		};
		0D192EB22C903F2700347489 /* cordova-plugin-camera */ = {
			isa = PBXGroup;
			children = (
				0D192EAB2C903F2700347489 /* CDVCamera.h */,
				0D192EAC2C903F2700347489 /* CDVCamera.m */,
				0D192EAD2C903F2700347489 /* CDVExif.h */,
				0D192EAE2C903F2700347489 /* CDVJpegHeaderWriter.h */,
				0D192EAF2C903F2700347489 /* CDVJpegHeaderWriter.m */,
				0D192EB02C903F2700347489 /* UIImage+CropScaleOrientation.h */,
				0D192EB12C903F2700347489 /* UIImage+CropScaleOrientation.m */,
			);
			path = "cordova-plugin-camera";
			sourceTree = "<group>";
		};
		0D192EBB2C903F2700347489 /* cordova-plugin-inappbrowser */ = {
			isa = PBXGroup;
			children = (
				0D192EB32C903F2700347489 /* CDVInAppBrowserNavigationController.h */,
				0D192EB42C903F2700347489 /* CDVInAppBrowserNavigationController.m */,
				0D192EB52C903F2700347489 /* CDVInAppBrowserOptions.h */,
				0D192EB62C903F2700347489 /* CDVInAppBrowserOptions.m */,
				0D192EB72C903F2700347489 /* CDVWKInAppBrowser.h */,
				0D192EB82C903F2700347489 /* CDVWKInAppBrowser.m */,
				0D192EB92C903F2700347489 /* CDVWKInAppBrowserUIDelegate.h */,
				0D192EBA2C903F2700347489 /* CDVWKInAppBrowserUIDelegate.m */,
			);
			path = "cordova-plugin-inappbrowser";
			sourceTree = "<group>";
		};
		0D192EBC2C903F2700347489 /* plugins */ = {
			isa = PBXGroup;
			children = (
				0D192EB22C903F2700347489 /* cordova-plugin-camera */,
				0D192EBB2C903F2700347489 /* cordova-plugin-inappbrowser */,
			);
			path = plugins;
			sourceTree = "<group>";
		};
		0D2C7B592C8FCF2600039B6A = {
			isa = PBXGroup;
			children = (
				0D192E9F2C8FDC2100347489 /* www */,
				0D192E8A2C8FD7C500347489 /* CordovaLib.xcodeproj */,
				0D192E882C8FD76800347489 /* config.xml */,
				0D2C7B642C8FCF2600039B6A /* helloS */,
				0D2C7B632C8FCF2600039B6A /* Products */,
				0D192E932C8FD8BE00347489 /* Frameworks */,
			);
			sourceTree = "<group>";
			tabWidth = 3;
		};
		0D2C7B632C8FCF2600039B6A /* Products */ = {
			isa = PBXGroup;
			children = (
				0D2C7B622C8FCF2600039B6A /* helloS.app */,
			);
			name = Products;
			sourceTree = "<group>";
		};
		0D2C7B642C8FCF2600039B6A /* helloS */ = {
			isa = PBXGroup;
			children = (
				0D192EBC2C903F2700347489 /* plugins */,
				0D2C7B652C8FCF2600039B6A /* AppDelegate.swift */,
				0D2C7B672C8FCF2600039B6A /* SceneDelegate.swift */,
				0D2C7B692C8FCF2600039B6A /* ViewController.swift */,
				0D2C7B6B2C8FCF2600039B6A /* Main.storyboard */,
				0D2C7B6E2C8FCF2800039B6A /* Assets.xcassets */,
				0D2C7B702C8FCF2800039B6A /* LaunchScreen.storyboard */,
				0D2C7B732C8FCF2800039B6A /* Info.plist */,
				0D192EA12C8FE06F00347489 /* helloS-Bridging-Header.h */,
			);
			path = helloS;
			sourceTree = "<group>";
		};
/* End PBXGroup section */

/* Begin PBXNativeTarget section */
		0D2C7B612C8FCF2600039B6A /* helloS */ = {
			isa = PBXNativeTarget;
			buildConfigurationList = 0D2C7B762C8FCF2800039B6A /* Build configuration list for PBXNativeTarget "helloS" */;
			buildPhases = (
				0D2C7B5E2C8FCF2600039B6A /* Sources */,
				0D2C7B5F2C8FCF2600039B6A /* Frameworks */,
				0D2C7B602C8FCF2600039B6A /* Resources */,
			);
			buildRules = (
			);
			dependencies = (
				0D192E9D2C8FD90F00347489 /* PBXTargetDependency */,
			);
			name = helloS;
			productName = helloS;
			productReference = 0D2C7B622C8FCF2600039B6A /* helloS.app */;
			productType = "com.apple.product-type.application";
		};
/* End PBXNativeTarget section */

/* Begin PBXProject section */
		0D2C7B5A2C8FCF2600039B6A /* Project object */ = {
			isa = PBXProject;
			attributes = {
				BuildIndependentTargetsInParallel = 1;
				LastSwiftUpdateCheck = 1540;
				LastUpgradeCheck = 1540;
				TargetAttributes = {
					0D2C7B612C8FCF2600039B6A = {
						CreatedOnToolsVersion = 15.4;
					};
				};
			};
			buildConfigurationList = 0D2C7B5D2C8FCF2600039B6A /* Build configuration list for PBXProject "helloS" */;
			compatibilityVersion = "Xcode 14.0";
			developmentRegion = en;
			hasScannedForEncodings = 0;
			knownRegions = (
				en,
				Base,
			);
			mainGroup = 0D2C7B592C8FCF2600039B6A;
			productRefGroup = 0D2C7B632C8FCF2600039B6A /* Products */;
			projectDirPath = "";
			projectReferences = (
				{
					ProductGroup = 0D192E8B2C8FD7C500347489 /* Products */;
					ProjectRef = 0D192E8A2C8FD7C500347489 /* CordovaLib.xcodeproj */;
				},
			);
			projectRoot = "";
			targets = (
				0D2C7B612C8FCF2600039B6A /* helloS */,
			);
		};
/* End PBXProject section */

/* Begin PBXReferenceProxy section */
		0D192E902C8FD7C500347489 /* libCordova.a */ = {
			isa = PBXReferenceProxy;
			fileType = archive.ar;
			path = libCordova.a;
			remoteRef = 0D192E8F2C8FD7C500347489 /* PBXContainerItemProxy */;
			sourceTree = BUILT_PRODUCTS_DIR;
		};
		0D192E922C8FD7C500347489 /* Cordova.framework */ = {
			isa = PBXReferenceProxy;
			fileType = wrapper.framework;
			path = Cordova.framework;
			remoteRef = 0D192E912C8FD7C500347489 /* PBXContainerItemProxy */;
			sourceTree = BUILT_PRODUCTS_DIR;
		};
/* End PBXReferenceProxy section */

/* Begin PBXResourcesBuildPhase section */
		0D2C7B602C8FCF2600039B6A /* Resources */ = {
			isa = PBXResourcesBuildPhase;
			buildActionMask = 2147483647;
			files = (
				0D2C7B6F2C8FCF2800039B6A /* Assets.xcassets in Resources */,
				0D2C7B722C8FCF2800039B6A /* Base in Resources */,
				0D2C7B6D2C8FCF2600039B6A /* Base in Resources */,
				0D192EA02C8FDC2100347489 /* www in Resources */,
				0D192E892C8FD76800347489 /* config.xml in Resources */,
			);
			runOnlyForDeploymentPostprocessing = 0;
		};
/* End PBXResourcesBuildPhase section */

/* Begin PBXSourcesBuildPhase section */
		0D2C7B5E2C8FCF2600039B6A /* Sources */ = {
			isa = PBXSourcesBuildPhase;
			buildActionMask = 2147483647;
			files = (
				0D192EC12C903F2700347489 /* CDVInAppBrowserOptions.m in Sources */,
				0D192EC02C903F2700347489 /* CDVInAppBrowserNavigationController.m in Sources */,
				0D192EBE2C903F2700347489 /* CDVJpegHeaderWriter.m in Sources */,
				0D192EBF2C903F2700347489 /* UIImage+CropScaleOrientation.m in Sources */,
				0D192EBD2C903F2700347489 /* CDVCamera.m in Sources */,
				0D2C7B6A2C8FCF2600039B6A /* ViewController.swift in Sources */,
				0D192EC32C903F2700347489 /* CDVWKInAppBrowserUIDelegate.m in Sources */,
				0D2C7B662C8FCF2600039B6A /* AppDelegate.swift in Sources */,
				0D2C7B682C8FCF2600039B6A /* SceneDelegate.swift in Sources */,
				0D192EC22C903F2700347489 /* CDVWKInAppBrowser.m in Sources */,
			);
			runOnlyForDeploymentPostprocessing = 0;
		};
/* End PBXSourcesBuildPhase section */

/* Begin PBXTargetDependency section */
		0D192E9D2C8FD90F00347489 /* PBXTargetDependency */ = {
			isa = PBXTargetDependency;
			name = CordovaLib;
			targetProxy = 0D192E9C2C8FD90F00347489 /* PBXContainerItemProxy */;
		};
/* End PBXTargetDependency section */

/* Begin PBXVariantGroup section */
		0D2C7B6B2C8FCF2600039B6A /* Main.storyboard */ = {
			isa = PBXVariantGroup;
			children = (
				0D2C7B6C2C8FCF2600039B6A /* Base */,
			);
			name = Main.storyboard;
			sourceTree = "<group>";
		};
		0D2C7B702C8FCF2800039B6A /* LaunchScreen.storyboard */ = {
			isa = PBXVariantGroup;
			children = (
				0D2C7B712C8FCF2800039B6A /* Base */,
			);
			name = LaunchScreen.storyboard;
			sourceTree = "<group>";
		};
/* End PBXVariantGroup section */

/* Begin XCBuildConfiguration section */
		0D2C7B742C8FCF2800039B6A /* Debug */ = {
			isa = XCBuildConfiguration;
			buildSettings = {
				ALWAYS_SEARCH_USER_PATHS = NO;
				ASSETCATALOG_COMPILER_GENERATE_SWIFT_ASSET_SYMBOL_EXTENSIONS = YES;
				CLANG_ANALYZER_NONNULL = YES;
				CLANG_ANALYZER_NUMBER_OBJECT_CONVERSION = YES_AGGRESSIVE;
				CLANG_CXX_LANGUAGE_STANDARD = "gnu++20";
				CLANG_ENABLE_MODULES = YES;
				CLANG_ENABLE_OBJC_ARC = YES;
				CLANG_ENABLE_OBJC_WEAK = YES;
				CLANG_WARN_BLOCK_CAPTURE_AUTORELEASING = YES;
				CLANG_WARN_BOOL_CONVERSION = YES;
				CLANG_WARN_COMMA = YES;
				CLANG_WARN_CONSTANT_CONVERSION = YES;
				CLANG_WARN_DEPRECATED_OBJC_IMPLEMENTATIONS = YES;
				CLANG_WARN_DIRECT_OBJC_ISA_USAGE = YES_ERROR;
				CLANG_WARN_DOCUMENTATION_COMMENTS = YES;
				CLANG_WARN_EMPTY_BODY = YES;
				CLANG_WARN_ENUM_CONVERSION = YES;
				CLANG_WARN_INFINITE_RECURSION = YES;
				CLANG_WARN_INT_CONVERSION = YES;
				CLANG_WARN_NON_LITERAL_NULL_CONVERSION = YES;
				CLANG_WARN_OBJC_IMPLICIT_RETAIN_SELF = YES;
				CLANG_WARN_OBJC_LITERAL_CONVERSION = YES;
				CLANG_WARN_OBJC_ROOT_CLASS = YES_ERROR;
				CLANG_WARN_QUOTED_INCLUDE_IN_FRAMEWORK_HEADER = YES;
				CLANG_WARN_RANGE_LOOP_ANALYSIS = YES;
				CLANG_WARN_STRICT_PROTOTYPES = YES;
				CLANG_WARN_SUSPICIOUS_MOVE = YES;
				CLANG_WARN_UNGUARDED_AVAILABILITY = YES_AGGRESSIVE;
				CLANG_WARN_UNREACHABLE_CODE = YES;
				CLANG_WARN__DUPLICATE_METHOD_MATCH = YES;
				COPY_PHASE_STRIP = NO;
				DEBUG_INFORMATION_FORMAT = dwarf;
				ENABLE_STRICT_OBJC_MSGSEND = YES;
				ENABLE_TESTABILITY = YES;
				ENABLE_USER_SCRIPT_SANDBOXING = YES;
				GCC_C_LANGUAGE_STANDARD = gnu17;
				GCC_DYNAMIC_NO_PIC = NO;
				GCC_NO_COMMON_BLOCKS = YES;
				GCC_OPTIMIZATION_LEVEL = 0;
				GCC_PREPROCESSOR_DEFINITIONS = (
					"DEBUG=1",
					"$(inherited)",
				);
				GCC_WARN_64_TO_32_BIT_CONVERSION = YES;
				GCC_WARN_ABOUT_RETURN_TYPE = YES_ERROR;
				GCC_WARN_UNDECLARED_SELECTOR = YES;
				GCC_WARN_UNINITIALIZED_AUTOS = YES_AGGRESSIVE;
				GCC_WARN_UNUSED_FUNCTION = YES;
				GCC_WARN_UNUSED_VARIABLE = YES;
				IPHONEOS_DEPLOYMENT_TARGET = 17.5;
				LOCALIZATION_PREFERS_STRING_CATALOGS = YES;
				MTL_ENABLE_DEBUG_INFO = INCLUDE_SOURCE;
				MTL_FAST_MATH = YES;
				ONLY_ACTIVE_ARCH = YES;
				SDKROOT = iphoneos;
				SWIFT_ACTIVE_COMPILATION_CONDITIONS = "DEBUG $(inherited)";
				SWIFT_OPTIMIZATION_LEVEL = "-Onone";
			};
			name = Debug;
		};
		0D2C7B752C8FCF2800039B6A /* Release */ = {
			isa = XCBuildConfiguration;
			buildSettings = {
				ALWAYS_SEARCH_USER_PATHS = NO;
				ASSETCATALOG_COMPILER_GENERATE_SWIFT_ASSET_SYMBOL_EXTENSIONS = YES;
				CLANG_ANALYZER_NONNULL = YES;
				CLANG_ANALYZER_NUMBER_OBJECT_CONVERSION = YES_AGGRESSIVE;
				CLANG_CXX_LANGUAGE_STANDARD = "gnu++20";
				CLANG_ENABLE_MODULES = YES;
				CLANG_ENABLE_OBJC_ARC = YES;
				CLANG_ENABLE_OBJC_WEAK = YES;
				CLANG_WARN_BLOCK_CAPTURE_AUTORELEASING = YES;
				CLANG_WARN_BOOL_CONVERSION = YES;
				CLANG_WARN_COMMA = YES;
				CLANG_WARN_CONSTANT_CONVERSION = YES;
				CLANG_WARN_DEPRECATED_OBJC_IMPLEMENTATIONS = YES;
				CLANG_WARN_DIRECT_OBJC_ISA_USAGE = YES_ERROR;
				CLANG_WARN_DOCUMENTATION_COMMENTS = YES;
				CLANG_WARN_EMPTY_BODY = YES;
				CLANG_WARN_ENUM_CONVERSION = YES;
				CLANG_WARN_INFINITE_RECURSION = YES;
				CLANG_WARN_INT_CONVERSION = YES;
				CLANG_WARN_NON_LITERAL_NULL_CONVERSION = YES;
				CLANG_WARN_OBJC_IMPLICIT_RETAIN_SELF = YES;
				CLANG_WARN_OBJC_LITERAL_CONVERSION = YES;
				CLANG_WARN_OBJC_ROOT_CLASS = YES_ERROR;
				CLANG_WARN_QUOTED_INCLUDE_IN_FRAMEWORK_HEADER = YES;
				CLANG_WARN_RANGE_LOOP_ANALYSIS = YES;
				CLANG_WARN_STRICT_PROTOTYPES = YES;
				CLANG_WARN_SUSPICIOUS_MOVE = YES;
				CLANG_WARN_UNGUARDED_AVAILABILITY = YES_AGGRESSIVE;
				CLANG_WARN_UNREACHABLE_CODE = YES;
				CLANG_WARN__DUPLICATE_METHOD_MATCH = YES;
				COPY_PHASE_STRIP = NO;
				DEBUG_INFORMATION_FORMAT = "dwarf-with-dsym";
				ENABLE_NS_ASSERTIONS = NO;
				ENABLE_STRICT_OBJC_MSGSEND = YES;
				ENABLE_USER_SCRIPT_SANDBOXING = YES;
				GCC_C_LANGUAGE_STANDARD = gnu17;
				GCC_NO_COMMON_BLOCKS = YES;
				GCC_WARN_64_TO_32_BIT_CONVERSION = YES;
				GCC_WARN_ABOUT_RETURN_TYPE = YES_ERROR;
				GCC_WARN_UNDECLARED_SELECTOR = YES;
				GCC_WARN_UNINITIALIZED_AUTOS = YES_AGGRESSIVE;
				GCC_WARN_UNUSED_FUNCTION = YES;
				GCC_WARN_UNUSED_VARIABLE = YES;
				IPHONEOS_DEPLOYMENT_TARGET = 17.5;
				LOCALIZATION_PREFERS_STRING_CATALOGS = YES;
				MTL_ENABLE_DEBUG_INFO = NO;
				MTL_FAST_MATH = YES;
				SDKROOT = iphoneos;
				SWIFT_COMPILATION_MODE = wholemodule;
				VALIDATE_PRODUCT = YES;
			};
			name = Release;
		};
		0D2C7B772C8FCF2800039B6A /* Debug */ = {
			isa = XCBuildConfiguration;
			buildSettings = {
				ASSETCATALOG_COMPILER_APPICON_NAME = AppIcon;
				ASSETCATALOG_COMPILER_GLOBAL_ACCENT_COLOR_NAME = AccentColor;
				CODE_SIGN_STYLE = Automatic;
				CURRENT_PROJECT_VERSION = 1;
				GENERATE_INFOPLIST_FILE = YES;
				HEADER_SEARCH_PATHS = (
					"\"$(TARGET_BUILD_DIR)/usr/local/lib/include\"",
					"\"$(OBJROOT)/UninstalledProducts/include\"",
					"\"$(OBJROOT)/UninstalledProducts/$(PLATFORM_NAME)/include \"$(BUILT_PRODUCTS_DIR)\"",
				);
				INFOPLIST_FILE = helloS/Info.plist;
				INFOPLIST_KEY_UIApplicationSupportsIndirectInputEvents = YES;
				INFOPLIST_KEY_UILaunchStoryboardName = LaunchScreen;
				INFOPLIST_KEY_UIMainStoryboardFile = Main;
				INFOPLIST_KEY_UISupportedInterfaceOrientations_iPad = "UIInterfaceOrientationPortrait UIInterfaceOrientationPortraitUpsideDown UIInterfaceOrientationLandscapeLeft UIInterfaceOrientationLandscapeRight";
				INFOPLIST_KEY_UISupportedInterfaceOrientations_iPhone = "UIInterfaceOrientationPortrait UIInterfaceOrientationLandscapeLeft UIInterfaceOrientationLandscapeRight";
				LD_RUNPATH_SEARCH_PATHS = (
					"$(inherited)",
					"@executable_path/Frameworks",
				);
				MARKETING_VERSION = 1.0;
				OTHER_LDFLAGS = "-ObjC";
				PRODUCT_BUNDLE_IDENTIFIER = com.luke.demo.helloS;
				PRODUCT_NAME = "$(TARGET_NAME)";
				SWIFT_EMIT_LOC_STRINGS = YES;
				SWIFT_OBJC_BRIDGING_HEADER = "helloS/helloS-Bridging-Header.h";
				SWIFT_VERSION = 5.0;
				TARGETED_DEVICE_FAMILY = "1,2";
			};
			name = Debug;
		};
		0D2C7B782C8FCF2800039B6A /* Release */ = {
			isa = XCBuildConfiguration;
			buildSettings = {
				ASSETCATALOG_COMPILER_APPICON_NAME = AppIcon;
				ASSETCATALOG_COMPILER_GLOBAL_ACCENT_COLOR_NAME = AccentColor;
				CODE_SIGN_STYLE = Automatic;
				CURRENT_PROJECT_VERSION = 1;
				GENERATE_INFOPLIST_FILE = YES;
				HEADER_SEARCH_PATHS = (
					"\"$(TARGET_BUILD_DIR)/usr/local/lib/include\"",
					"\"$(OBJROOT)/UninstalledProducts/include\"",
					"\"$(OBJROOT)/UninstalledProducts/$(PLATFORM_NAME)/include \"$(BUILT_PRODUCTS_DIR)\"",
				);
				INFOPLIST_FILE = helloS/Info.plist;
				INFOPLIST_KEY_UIApplicationSupportsIndirectInputEvents = YES;
				INFOPLIST_KEY_UILaunchStoryboardName = LaunchScreen;
				INFOPLIST_KEY_UIMainStoryboardFile = Main;
				INFOPLIST_KEY_UISupportedInterfaceOrientations_iPad = "UIInterfaceOrientationPortrait UIInterfaceOrientationPortraitUpsideDown UIInterfaceOrientationLandscapeLeft UIInterfaceOrientationLandscapeRight";
				INFOPLIST_KEY_UISupportedInterfaceOrientations_iPhone = "UIInterfaceOrientationPortrait UIInterfaceOrientationLandscapeLeft UIInterfaceOrientationLandscapeRight";
				LD_RUNPATH_SEARCH_PATHS = (
					"$(inherited)",
					"@executable_path/Frameworks",
				);
				MARKETING_VERSION = 1.0;
				OTHER_LDFLAGS = "-ObjC";
				PRODUCT_BUNDLE_IDENTIFIER = com.luke.demo.helloS;
				PRODUCT_NAME = "$(TARGET_NAME)";
				SWIFT_EMIT_LOC_STRINGS = YES;
				SWIFT_OBJC_BRIDGING_HEADER = "helloS/helloS-Bridging-Header.h";
				SWIFT_VERSION = 5.0;
				TARGETED_DEVICE_FAMILY = "1,2";
			};
			name = Release;
		};
/* End XCBuildConfiguration section */

/* Begin XCConfigurationList section */
		0D2C7B5D2C8FCF2600039B6A /* Build configuration list for PBXProject "helloS" */ = {
			isa = XCConfigurationList;
			buildConfigurations = (
				0D2C7B742C8FCF2800039B6A /* Debug */,
				0D2C7B752C8FCF2800039B6A /* Release */,
			);
			defaultConfigurationIsVisible = 0;
			defaultConfigurationName = Release;
		};
		0D2C7B762C8FCF2800039B6A /* Build configuration list for PBXNativeTarget "helloS" */ = {
			isa = XCConfigurationList;
			buildConfigurations = (
				0D2C7B772C8FCF2800039B6A /* Debug */,
				0D2C7B782C8FCF2800039B6A /* Release */,
			);
			defaultConfigurationIsVisible = 0;
			defaultConfigurationName = Release;
		};
/* End XCConfigurationList section */
	};
	rootObject = 0D2C7B5A2C8FCF2600039B6A /* Project object */;
}
