{
  "name": "throttle-debounce",
  "version": "1.0.0",
  "lockfileVersion": 2,
  "requires": true,
  "packages": {
    "": {
      "name": "throttle-debounce",
      "version": "1.0.0",
      "license": "ISC",
      "dependencies": {
        "throttle-debounce": "^5.0.0"
      }
    },
    "node_modules/throttle-debounce": {
      "version": "5.0.0",
      "resolved": "https://registry.npmmirror.com/throttle-debounce/-/throttle-debounce-5.0.0.tgz",
      "integrity": "sha512-2iQTSgkkc1Zyk0MeVrt/3BvuOXYPl/R8Z0U2xxo9rjwNciaHDG3R+Lm6dh4EeUci49DanvBnuqI6jshoQQRGEg==",
      "engines": {
        "node": ">=12.22"
      }
    }
  },
  "dependencies": {
    "throttle-debounce": {
      "version": "5.0.0",
      "resolved": "https://registry.npmmirror.com/throttle-debounce/-/throttle-debounce-5.0.0.tgz",
      "integrity": "sha512-2iQTSgkkc1Zyk0MeVrt/3BvuOXYPl/R8Z0U2xxo9rjwNciaHDG3R+Lm6dh4EeUci49DanvBnuqI6jshoQQRGEg=="
    }
  }
}
