{
  "name": "h3",
  "version": "1.0.0",
  "lockfileVersion": 3,
  "requires": true,
  "packages": {
    "": {
      "name": "h3",
      "version": "1.0.0",
      "license": "ISC",
      "dependencies": {
        "h3": "^2.0.0-beta.0"
      }
    },
    "node_modules/cookie-es": {
      "version": "2.0.0",
      "resolved": "https://registry.npmmirror.com/cookie-es/-/cookie-es-2.0.0.tgz",
      "integrity": "sha512-RAj4E421UYRgqokKUmotqAwuplYw15qtdXfY+hGzgCJ/MBjCVZcSoHK/kH9kocfjRjcDME7IiDWR/1WX1TM2Pg=="
    },
    "node_modules/fetchdts": {
      "version": "0.1.4",
      "resolved": "https://registry.npmmirror.com/fetchdts/-/fetchdts-0.1.4.tgz",
      "integrity": "sha512-ickQgaQs/RbVxaJauBqmpiNSk9wLoxWRsSjDFP6JpiO3MCguqaSRltwL6HF9V9hJr2Prnqq0ic9b2bTBK8LqRA=="
    },
    "node_modules/h3": {
      "version": "2.0.0-beta.0",
      "resolved": "https://registry.npmmirror.com/h3/-/h3-2.0.0-beta.0.tgz",
      "integrity": "sha512-HYLTlAWdr4fL0oR8Lrb5wNMqQSzvi/Yn6kBk7CpuDiouPmOgJPQEET4HjJiJuAQxzF39Ol2cBvQagdOL/Zs3aw==",
      "dependencies": {
        "cookie-es": "^2.0.0",
        "fetchdts": "^0.1.4",
        "rou3": "^0.6.3",
        "srvx": "^0.8.0"
      },
      "engines": {
        "node": ">=20.11.1"
      },
      "peerDependencies": {
        "crossws": "^0.4.1"
      },
      "peerDependenciesMeta": {
        "crossws": {
          "optional": true
        }
      }
    },
    "node_modules/rou3": {
      "version": "0.6.3",
      "resolved": "https://registry.npmmirror.com/rou3/-/rou3-0.6.3.tgz",
      "integrity": "sha512-1HSG1ENTj7Kkm5muMnXuzzfdDOf7CFnbSYFA+H3Fp/rB9lOCxCPgy1jlZxTKyFoC5jJay8Mmc+VbPLYRjzYLrA=="
    },
    "node_modules/srvx": {
      "version": "0.8.0",
      "resolved": "https://registry.npmmirror.com/srvx/-/srvx-0.8.0.tgz",
      "integrity": "sha512-pZNni9zfG1Leld6CgHMy5WXCWVgqFpoFtNX4jk9jhHSxAWCNTDonjyFP/RHAjvRbJw1FR6cQFj87Vn6nA/EhYw==",
      "dependencies": {
        "cookie-es": "^2.0.0"
      },
      "engines": {
        "node": ">=20.16.0"
      }
    }
  }
}
