lockfileVersion: '9.0'

settings:
  autoInstallPeers: true
  excludeLinksFromLockfile: false

importers:

  .:
    dependencies:
      element-plus:
        specifier: ^2.9.2
        version: 2.9.2(vue@3.5.13(typescript@5.6.3))
      epic-designer:
        specifier: ^0.9.28
        version: 0.9.28(ant-design-vue@4.2.6(vue@3.5.13(typescript@5.6.3)))(dayjs@1.11.13)(element-plus@2.9.2(vue@3.5.13(typescript@5.6.3)))(monaco-editor@0.52.2)(naive-ui@2.41.0(vue@3.5.13(typescript@5.6.3)))(vue@3.5.13(typescript@5.6.3))
      vue:
        specifier: ^3.5.13
        version: 3.5.13(typescript@5.6.3)
    devDependencies:
      '@vitejs/plugin-vue':
        specifier: ^5.2.1
        version: 5.2.1(vite@6.0.7)(vue@3.5.13(typescript@5.6.3))
      '@vue/tsconfig':
        specifier: ^0.7.0
        version: 0.7.0(typescript@5.6.3)(vue@3.5.13(typescript@5.6.3))
      typescript:
        specifier: ~5.6.2
        version: 5.6.3
      vite:
        specifier: ^6.0.5
        version: 6.0.7
      vite-plugin-monaco-editor:
        specifier: ^1.1.0
        version: 1.1.0(monaco-editor@0.52.2)
      vue-tsc:
        specifier: ^2.2.0
        version: 2.2.0(typescript@5.6.3)

packages:

  '@ant-design/colors@6.0.0':
    resolution: {integrity: sha512-qAZRvPzfdWHtfameEGP2Qvuf838NhergR35o+EuVyB5XvSA98xod5r4utvi4TJ3ywmevm290g9nsCG5MryrdWQ==}

  '@ant-design/icons-svg@4.4.2':
    resolution: {integrity: sha512-vHbT+zJEVzllwP+CM+ul7reTEfBR0vgxFe7+lREAsAA7YGsYpboiq2sQNeQeRvh09GfQgs/GyFEvZpJ9cLXpXA==}

  '@ant-design/icons-vue@7.0.1':
    resolution: {integrity: sha512-eCqY2unfZK6Fe02AwFlDHLfoyEFreP6rBwAZMIJ1LugmfMiVgwWDYlp1YsRugaPtICYOabV1iWxXdP12u9U43Q==}
    peerDependencies:
      vue: '>=3.0.3'

  '@babel/helper-string-parser@7.25.9':
    resolution: {integrity: sha512-4A/SCr/2KLd5jrtOMFzaKjVtAei3+2r/NChoBNoZ3EyP/+GlhoaEGoWOZUmFmoITP7zOJyHIMm+DYRd8o3PvHA==}
    engines: {node: '>=6.9.0'}

  '@babel/helper-validator-identifier@7.25.9':
    resolution: {integrity: sha512-Ed61U6XJc3CVRfkERJWDz4dJwKe7iLmmJsbOGu9wSloNSFttHV0I8g6UAgb7qnK5ly5bGLPd4oXZlxCdANBOWQ==}
    engines: {node: '>=6.9.0'}

  '@babel/parser@7.26.3':
    resolution: {integrity: sha512-WJ/CvmY8Mea8iDXo6a7RK2wbmJITT5fN3BEkRuFlxVyNx8jOKIIhmC4fSkTcPcf8JyavbBwIe6OpiCOBXt/IcA==}
    engines: {node: '>=6.0.0'}
    hasBin: true

  '@babel/runtime@7.26.0':
    resolution: {integrity: sha512-FDSOghenHTiToteC/QRlv2q3DhPZ/oOXTBoirfWNx1Cx3TMVcGWQtMMmQcSvb/JjpNeGzx8Pq/b4fKEJuWm1sw==}
    engines: {node: '>=6.9.0'}

  '@babel/types@7.26.3':
    resolution: {integrity: sha512-vN5p+1kl59GVKMvTHt55NzzmYVxprfJD+ql7U9NFIfKCBkYE55LYtS+WtPlaYOyzydrKI8Nezd+aZextrd+FMA==}
    engines: {node: '>=6.9.0'}

  '@css-render/plugin-bem@0.15.14':
    resolution: {integrity: sha512-QK513CJ7yEQxm/P3EwsI+d+ha8kSOcjGvD6SevM41neEMxdULE+18iuQK6tEChAWMOQNQPLG/Rw3Khb69r5neg==}
    peerDependencies:
      css-render: ~0.15.14

  '@css-render/vue3-ssr@0.15.14':
    resolution: {integrity: sha512-//8027GSbxE9n3QlD73xFY6z4ZbHbvrOVB7AO6hsmrEzGbg+h2A09HboUyDgu+xsmj7JnvJD39Irt+2D0+iV8g==}
    peerDependencies:
      vue: ^3.0.11

  '@ctrl/tinycolor@3.6.1':
    resolution: {integrity: sha512-SITSV6aIXsuVNV3f3O0f2n/cgyEDWoSqtZMYiAmcsYHydcKrOz3gUxB/iXd/Qf08+IZX4KpgNbvUdMBmWz+kcA==}
    engines: {node: '>=10'}

  '@element-plus/icons-vue@2.3.1':
    resolution: {integrity: sha512-XxVUZv48RZAd87ucGS48jPf6pKu0yV5UCg9f4FFwtrYxXOwWuVJo6wOvSLKEoMQKjv8GsX/mhP6UsC1lRwbUWg==}
    peerDependencies:
      vue: ^3.2.0

  '@emotion/hash@0.8.0':
    resolution: {integrity: sha512-kBJtf7PH6aWwZ6fka3zQ0p6SBYzx4fl1LoZXE2RrnYST9Xljm7WfKJrU4g/Xr3Beg72MLrp1AWNUmuYJTL7Cow==}

  '@emotion/hash@0.9.2':
    resolution: {integrity: sha512-MyqliTZGuOm3+5ZRSaaBGP3USLw6+EGykkwZns2EPC5g8jJ4z9OrdZY9apkl3+UP9+sdz76YYkwCKP5gh8iY3g==}

  '@emotion/unitless@0.8.1':
    resolution: {integrity: sha512-KOEGMu6dmJZtpadb476IsZBclKvILjopjUii3V+7MnXIQCYh8W3NgNcgwo21n9LXZX6EDIKvqfjYxXebDwxKmQ==}

  '@esbuild/aix-ppc64@0.24.2':
    resolution: {integrity: sha512-thpVCb/rhxE/BnMLQ7GReQLLN8q9qbHmI55F4489/ByVg2aQaQ6kbcLb6FHkocZzQhxc4gx0sCk0tJkKBFzDhA==}
    engines: {node: '>=18'}
    cpu: [ppc64]
    os: [aix]

  '@esbuild/android-arm64@0.24.2':
    resolution: {integrity: sha512-cNLgeqCqV8WxfcTIOeL4OAtSmL8JjcN6m09XIgro1Wi7cF4t/THaWEa7eL5CMoMBdjoHOTh/vwTO/o2TRXIyzg==}
    engines: {node: '>=18'}
    cpu: [arm64]
    os: [android]

  '@esbuild/android-arm@0.24.2':
    resolution: {integrity: sha512-tmwl4hJkCfNHwFB3nBa8z1Uy3ypZpxqxfTQOcHX+xRByyYgunVbZ9MzUUfb0RxaHIMnbHagwAxuTL+tnNM+1/Q==}
    engines: {node: '>=18'}
    cpu: [arm]
    os: [android]

  '@esbuild/android-x64@0.24.2':
    resolution: {integrity: sha512-B6Q0YQDqMx9D7rvIcsXfmJfvUYLoP722bgfBlO5cGvNVb5V/+Y7nhBE3mHV9OpxBf4eAS2S68KZztiPaWq4XYw==}
    engines: {node: '>=18'}
    cpu: [x64]
    os: [android]

  '@esbuild/darwin-arm64@0.24.2':
    resolution: {integrity: sha512-kj3AnYWc+CekmZnS5IPu9D+HWtUI49hbnyqk0FLEJDbzCIQt7hg7ucF1SQAilhtYpIujfaHr6O0UHlzzSPdOeA==}
    engines: {node: '>=18'}
    cpu: [arm64]
    os: [darwin]

  '@esbuild/darwin-x64@0.24.2':
    resolution: {integrity: sha512-WeSrmwwHaPkNR5H3yYfowhZcbriGqooyu3zI/3GGpF8AyUdsrrP0X6KumITGA9WOyiJavnGZUwPGvxvwfWPHIA==}
    engines: {node: '>=18'}
    cpu: [x64]
    os: [darwin]

  '@esbuild/freebsd-arm64@0.24.2':
    resolution: {integrity: sha512-UN8HXjtJ0k/Mj6a9+5u6+2eZ2ERD7Edt1Q9IZiB5UZAIdPnVKDoG7mdTVGhHJIeEml60JteamR3qhsr1r8gXvg==}
    engines: {node: '>=18'}
    cpu: [arm64]
    os: [freebsd]

  '@esbuild/freebsd-x64@0.24.2':
    resolution: {integrity: sha512-TvW7wE/89PYW+IevEJXZ5sF6gJRDY/14hyIGFXdIucxCsbRmLUcjseQu1SyTko+2idmCw94TgyaEZi9HUSOe3Q==}
    engines: {node: '>=18'}
    cpu: [x64]
    os: [freebsd]

  '@esbuild/linux-arm64@0.24.2':
    resolution: {integrity: sha512-7HnAD6074BW43YvvUmE/35Id9/NB7BeX5EoNkK9obndmZBUk8xmJJeU7DwmUeN7tkysslb2eSl6CTrYz6oEMQg==}
    engines: {node: '>=18'}
    cpu: [arm64]
    os: [linux]

  '@esbuild/linux-arm@0.24.2':
    resolution: {integrity: sha512-n0WRM/gWIdU29J57hJyUdIsk0WarGd6To0s+Y+LwvlC55wt+GT/OgkwoXCXvIue1i1sSNWblHEig00GBWiJgfA==}
    engines: {node: '>=18'}
    cpu: [arm]
    os: [linux]

  '@esbuild/linux-ia32@0.24.2':
    resolution: {integrity: sha512-sfv0tGPQhcZOgTKO3oBE9xpHuUqguHvSo4jl+wjnKwFpapx+vUDcawbwPNuBIAYdRAvIDBfZVvXprIj3HA+Ugw==}
    engines: {node: '>=18'}
    cpu: [ia32]
    os: [linux]

  '@esbuild/linux-loong64@0.24.2':
    resolution: {integrity: sha512-CN9AZr8kEndGooS35ntToZLTQLHEjtVB5n7dl8ZcTZMonJ7CCfStrYhrzF97eAecqVbVJ7APOEe18RPI4KLhwQ==}
    engines: {node: '>=18'}
    cpu: [loong64]
    os: [linux]

  '@esbuild/linux-mips64el@0.24.2':
    resolution: {integrity: sha512-iMkk7qr/wl3exJATwkISxI7kTcmHKE+BlymIAbHO8xanq/TjHaaVThFF6ipWzPHryoFsesNQJPE/3wFJw4+huw==}
    engines: {node: '>=18'}
    cpu: [mips64el]
    os: [linux]

  '@esbuild/linux-ppc64@0.24.2':
    resolution: {integrity: sha512-shsVrgCZ57Vr2L8mm39kO5PPIb+843FStGt7sGGoqiiWYconSxwTiuswC1VJZLCjNiMLAMh34jg4VSEQb+iEbw==}
    engines: {node: '>=18'}
    cpu: [ppc64]
    os: [linux]

  '@esbuild/linux-riscv64@0.24.2':
    resolution: {integrity: sha512-4eSFWnU9Hhd68fW16GD0TINewo1L6dRrB+oLNNbYyMUAeOD2yCK5KXGK1GH4qD/kT+bTEXjsyTCiJGHPZ3eM9Q==}
    engines: {node: '>=18'}
    cpu: [riscv64]
    os: [linux]

  '@esbuild/linux-s390x@0.24.2':
    resolution: {integrity: sha512-S0Bh0A53b0YHL2XEXC20bHLuGMOhFDO6GN4b3YjRLK//Ep3ql3erpNcPlEFed93hsQAjAQDNsvcK+hV90FubSw==}
    engines: {node: '>=18'}
    cpu: [s390x]
    os: [linux]

  '@esbuild/linux-x64@0.24.2':
    resolution: {integrity: sha512-8Qi4nQcCTbLnK9WoMjdC9NiTG6/E38RNICU6sUNqK0QFxCYgoARqVqxdFmWkdonVsvGqWhmm7MO0jyTqLqwj0Q==}
    engines: {node: '>=18'}
    cpu: [x64]
    os: [linux]

  '@esbuild/netbsd-arm64@0.24.2':
    resolution: {integrity: sha512-wuLK/VztRRpMt9zyHSazyCVdCXlpHkKm34WUyinD2lzK07FAHTq0KQvZZlXikNWkDGoT6x3TD51jKQ7gMVpopw==}
    engines: {node: '>=18'}
    cpu: [arm64]
    os: [netbsd]

  '@esbuild/netbsd-x64@0.24.2':
    resolution: {integrity: sha512-VefFaQUc4FMmJuAxmIHgUmfNiLXY438XrL4GDNV1Y1H/RW3qow68xTwjZKfj/+Plp9NANmzbH5R40Meudu8mmw==}
    engines: {node: '>=18'}
    cpu: [x64]
    os: [netbsd]

  '@esbuild/openbsd-arm64@0.24.2':
    resolution: {integrity: sha512-YQbi46SBct6iKnszhSvdluqDmxCJA+Pu280Av9WICNwQmMxV7nLRHZfjQzwbPs3jeWnuAhE9Jy0NrnJ12Oz+0A==}
    engines: {node: '>=18'}
    cpu: [arm64]
    os: [openbsd]

  '@esbuild/openbsd-x64@0.24.2':
    resolution: {integrity: sha512-+iDS6zpNM6EnJyWv0bMGLWSWeXGN/HTaF/LXHXHwejGsVi+ooqDfMCCTerNFxEkM3wYVcExkeGXNqshc9iMaOA==}
    engines: {node: '>=18'}
    cpu: [x64]
    os: [openbsd]

  '@esbuild/sunos-x64@0.24.2':
    resolution: {integrity: sha512-hTdsW27jcktEvpwNHJU4ZwWFGkz2zRJUz8pvddmXPtXDzVKTTINmlmga3ZzwcuMpUvLw7JkLy9QLKyGpD2Yxig==}
    engines: {node: '>=18'}
    cpu: [x64]
    os: [sunos]

  '@esbuild/win32-arm64@0.24.2':
    resolution: {integrity: sha512-LihEQ2BBKVFLOC9ZItT9iFprsE9tqjDjnbulhHoFxYQtQfai7qfluVODIYxt1PgdoyQkz23+01rzwNwYfutxUQ==}
    engines: {node: '>=18'}
    cpu: [arm64]
    os: [win32]

  '@esbuild/win32-ia32@0.24.2':
    resolution: {integrity: sha512-q+iGUwfs8tncmFC9pcnD5IvRHAzmbwQ3GPS5/ceCyHdjXubwQWI12MKWSNSMYLJMq23/IUCvJMS76PDqXe1fxA==}
    engines: {node: '>=18'}
    cpu: [ia32]
    os: [win32]

  '@esbuild/win32-x64@0.24.2':
    resolution: {integrity: sha512-7VTgWzgMGvup6aSqDPLiW5zHaxYJGTO4OokMjIlrCtf+VpEL+cXKtCvg723iguPYI5oaUNdS+/V7OU2gvXVWEg==}
    engines: {node: '>=18'}
    cpu: [x64]
    os: [win32]

  '@floating-ui/core@1.6.8':
    resolution: {integrity: sha512-7XJ9cPU+yI2QeLS+FCSlqNFZJq8arvswefkZrYI1yQBbftw6FyrZOxYSh+9S7z7TpeWlRt9zJ5IhM1WIL334jA==}

  '@floating-ui/dom@1.6.12':
    resolution: {integrity: sha512-NP83c0HjokcGVEMeoStg317VD9W7eDlGK7457dMBANbKA6GJZdc7rjujdgqzTaz93jkGgc5P/jeWbaCHnMNc+w==}

  '@floating-ui/utils@0.2.8':
    resolution: {integrity: sha512-kym7SodPp8/wloecOpcmSnWJsK7M0E5Wg8UcFA+uO4B9s5d0ywXOEro/8HM9x0rW+TljRzul/14UYz3TleT3ig==}

  '@jridgewell/sourcemap-codec@1.5.0':
    resolution: {integrity: sha512-gv3ZRaISU3fjPAgNsriBRqGWQL6quFx04YMPW/zD8XMLsU32mhCCbfbO6KZFLjvYpCZ8zyDEgqsgf+PwPaM7GQ==}

  '@juggle/resize-observer@3.4.0':
    resolution: {integrity: sha512-dfLbk+PwWvFzSxwk3n5ySL0hfBog779o8h68wK/7/APo/7cgyWp5jcXockbxdk5kFRkbeXWm4Fbi9FrdN381sA==}

  '@rollup/rollup-android-arm-eabi@4.29.2':
    resolution: {integrity: sha512-s/8RiF4bdmGnc/J0N7lHAr5ZFJj+NdJqJ/Hj29K+c4lEdoVlukzvWXB9XpWZCdakVT0YAw8iyIqUP2iFRz5/jA==}
    cpu: [arm]
    os: [android]

  '@rollup/rollup-android-arm64@4.29.2':
    resolution: {integrity: sha512-mKRlVj1KsKWyEOwR6nwpmzakq6SgZXW4NUHNWlYSiyncJpuXk7wdLzuKdWsRoR1WLbWsZBKvsUCdCTIAqRn9cA==}
    cpu: [arm64]
    os: [android]

  '@rollup/rollup-darwin-arm64@4.29.2':
    resolution: {integrity: sha512-vJX+vennGwygmutk7N333lvQ/yKVAHnGoBS2xMRQgXWW8tvn46YWuTDOpKroSPR9BEW0Gqdga2DHqz8Pwk6X5w==}
    cpu: [arm64]
    os: [darwin]

  '@rollup/rollup-darwin-x64@4.29.2':
    resolution: {integrity: sha512-e2rW9ng5O6+Mt3ht8fH0ljfjgSCC6ffmOipiLUgAnlK86CHIaiCdHCzHzmTkMj6vEkqAiRJ7ss6Ibn56B+RE5w==}
    cpu: [x64]
    os: [darwin]

  '@rollup/rollup-freebsd-arm64@4.29.2':
    resolution: {integrity: sha512-/xdNwZe+KesG6XJCK043EjEDZTacCtL4yurMZRLESIgHQdvtNyul3iz2Ab03ZJG0pQKbFTu681i+4ETMF9uE/Q==}
    cpu: [arm64]
    os: [freebsd]

  '@rollup/rollup-freebsd-x64@4.29.2':
    resolution: {integrity: sha512-eXKvpThGzREuAbc6qxnArHh8l8W4AyTcL8IfEnmx+bcnmaSGgjyAHbzZvHZI2csJ+e0MYddl7DX0X7g3sAuXDQ==}
    cpu: [x64]
    os: [freebsd]

  '@rollup/rollup-linux-arm-gnueabihf@4.29.2':
    resolution: {integrity: sha512-h4VgxxmzmtXLLYNDaUcQevCmPYX6zSj4SwKuzY7SR5YlnCBYsmvfYORXgiU8axhkFCDtQF3RW5LIXT8B14Qykg==}
    cpu: [arm]
    os: [linux]
    libc: [glibc]

  '@rollup/rollup-linux-arm-musleabihf@4.29.2':
    resolution: {integrity: sha512-EObwZ45eMmWZQ1w4N7qy4+G1lKHm6mcOwDa+P2+61qxWu1PtQJ/lz2CNJ7W3CkfgN0FQ7cBUy2tk6D5yR4KeXw==}
    cpu: [arm]
    os: [linux]
    libc: [musl]

  '@rollup/rollup-linux-arm64-gnu@4.29.2':
    resolution: {integrity: sha512-Z7zXVHEXg1elbbYiP/29pPwlJtLeXzjrj4241/kCcECds8Zg9fDfURWbZHRIKrEriAPS8wnVtdl4ZJBvZr325w==}
    cpu: [arm64]
    os: [linux]
    libc: [glibc]

  '@rollup/rollup-linux-arm64-musl@4.29.2':
    resolution: {integrity: sha512-TF4kxkPq+SudS/r4zGPf0G08Bl7+NZcFrUSR3484WwsHgGgJyPQRLCNrQ/R5J6VzxfEeQR9XRpc8m2t7lD6SEQ==}
    cpu: [arm64]
    os: [linux]
    libc: [musl]

  '@rollup/rollup-linux-loongarch64-gnu@4.29.2':
    resolution: {integrity: sha512-kO9Fv5zZuyj2zB2af4KA29QF6t7YSxKrY7sxZXfw8koDQj9bx5Tk5RjH+kWKFKok0wLGTi4bG117h31N+TIBEg==}
    cpu: [loong64]
    os: [linux]
    libc: [glibc]

  '@rollup/rollup-linux-powerpc64le-gnu@4.29.2':
    resolution: {integrity: sha512-gIh776X7UCBaetVJGdjXPFurGsdWwHHinwRnC5JlLADU8Yk0EdS/Y+dMO264OjJFo7MXQ5PX4xVFbxrwK8zLqA==}
    cpu: [ppc64]
    os: [linux]
    libc: [glibc]

  '@rollup/rollup-linux-riscv64-gnu@4.29.2':
    resolution: {integrity: sha512-YgikssQ5UNq1GoFKZydMEkhKbjlUq7G3h8j6yWXLBF24KyoA5BcMtaOUAXq5sydPmOPEqB6kCyJpyifSpCfQ0w==}
    cpu: [riscv64]
    os: [linux]
    libc: [glibc]

  '@rollup/rollup-linux-s390x-gnu@4.29.2':
    resolution: {integrity: sha512-9ouIR2vFWCyL0Z50dfnon5nOrpDdkTG9lNDs7MRaienQKlTyHcDxplmk3IbhFlutpifBSBr2H4rVILwmMLcaMA==}
    cpu: [s390x]
    os: [linux]
    libc: [glibc]

  '@rollup/rollup-linux-x64-gnu@4.29.2':
    resolution: {integrity: sha512-ckBBNRN/F+NoSUDENDIJ2U9UWmIODgwDB/vEXCPOMcsco1niTkxTXa6D2Y/pvCnpzaidvY2qVxGzLilNs9BSzw==}
    cpu: [x64]
    os: [linux]
    libc: [glibc]

  '@rollup/rollup-linux-x64-musl@4.29.2':
    resolution: {integrity: sha512-jycl1wL4AgM2aBFJFlpll/kGvAjhK8GSbEmFT5v3KC3rP/b5xZ1KQmv0vQQ8Bzb2ieFQ0kZFPRMbre/l3Bu9JA==}
    cpu: [x64]
    os: [linux]
    libc: [musl]

  '@rollup/rollup-win32-arm64-msvc@4.29.2':
    resolution: {integrity: sha512-S2V0LlcOiYkNGlRAWZwwUdNgdZBfvsDHW0wYosYFV3c7aKgEVcbonetZXsHv7jRTTX+oY5nDYT4W6B1oUpMNOg==}
    cpu: [arm64]
    os: [win32]

  '@rollup/rollup-win32-ia32-msvc@4.29.2':
    resolution: {integrity: sha512-pW8kioj9H5f/UujdoX2atFlXNQ9aCfAxFRaa+mhczwcsusm6gGrSo4z0SLvqLF5LwFqFTjiLCCzGkNK/LE0utQ==}
    cpu: [ia32]
    os: [win32]

  '@rollup/rollup-win32-x64-msvc@4.29.2':
    resolution: {integrity: sha512-p6fTArexECPf6KnOHvJXRpAEq0ON1CBtzG/EY4zw08kCHk/kivBc5vUEtnCFNCHOpJZ2ne77fxwRLIKD4wuW2Q==}
    cpu: [x64]
    os: [win32]

  '@simonwep/pickr@1.8.2':
    resolution: {integrity: sha512-/l5w8BIkrpP6n1xsetx9MWPWlU6OblN5YgZZphxan0Tq4BByTCETL6lyIeY8lagalS2Nbt4F2W034KHLIiunKA==}

  '@sxzz/popperjs-es@2.11.7':
    resolution: {integrity: sha512-Ccy0NlLkzr0Ex2FKvh2X+OyERHXJ88XJ1MXtsI9y9fGexlaXaVTPzBCRBwIxFkORuOb+uBqeu+RqnpgYTEZRUQ==}

  '@types/estree@1.0.6':
    resolution: {integrity: sha512-AYnb1nQyY49te+VRAVgmzfcgjYS91mY5P0TKUDCLEM+gNnA+3T6rWITXRLYCpahpqSQbN5cE+gHpnPyXjHWxcw==}

  '@types/katex@0.16.7':
    resolution: {integrity: sha512-HMwFiRujE5PjrgwHQ25+bsLJgowjGjm5Z8FVSf0N6PwgJrwxH0QxzHYDcKsTfV3wva0vzrpqMTJS2jXPr5BMEQ==}

  '@types/lodash-es@4.17.12':
    resolution: {integrity: sha512-0NgftHUcV4v34VhXm8QBSftKVXtbkBG3ViCjs6+eJ5a6y6Mi/jiFGPc1sC7QK+9BFhWrURE3EOggmWaSxL9OzQ==}

  '@types/lodash@4.17.14':
    resolution: {integrity: sha512-jsxagdikDiDBeIRaPYtArcT8my4tN1og7MtMRquFT3XNA6axxyHDRUemqDz/taRDdOUn0GnGHRCuff4q48sW9A==}

  '@types/web-bluetooth@0.0.16':
    resolution: {integrity: sha512-oh8q2Zc32S6gd/j50GowEjKLoOVOwHP/bWVjKJInBwQqdOYMdPrf1oVlelTlyfFK3CKxL1uahMDAr+vy8T7yMQ==}

  '@vitejs/plugin-vue@5.2.1':
    resolution: {integrity: sha512-cxh314tzaWwOLqVes2gnnCtvBDcM1UMdn+iFR+UjAn411dPT3tOmqrJjbMd7koZpMAmBM/GqeV4n9ge7JSiJJQ==}
    engines: {node: ^18.0.0 || >=20.0.0}
    peerDependencies:
      vite: ^5.0.0 || ^6.0.0
      vue: ^3.2.25

  '@volar/language-core@2.4.11':
    resolution: {integrity: sha512-lN2C1+ByfW9/JRPpqScuZt/4OrUUse57GLI6TbLgTIqBVemdl1wNcZ1qYGEo2+Gw8coYLgCy7SuKqn6IrQcQgg==}

  '@volar/source-map@2.4.11':
    resolution: {integrity: sha512-ZQpmafIGvaZMn/8iuvCFGrW3smeqkq/IIh9F1SdSx9aUl0J4Iurzd6/FhmjNO5g2ejF3rT45dKskgXWiofqlZQ==}

  '@volar/typescript@2.4.11':
    resolution: {integrity: sha512-2DT+Tdh88Spp5PyPbqhyoYavYCPDsqbHLFwcUI9K1NlY1YgUJvujGdrqUp0zWxnW7KWNTr3xSpMuv2WnaTKDAw==}

  '@vue/compiler-core@3.5.13':
    resolution: {integrity: sha512-oOdAkwqUfW1WqpwSYJce06wvt6HljgY3fGeM9NcVA1HaYOij3mZG9Rkysn0OHuyUAGMbEbARIpsG+LPVlBJ5/Q==}

  '@vue/compiler-dom@3.5.13':
    resolution: {integrity: sha512-ZOJ46sMOKUjO3e94wPdCzQ6P1Lx/vhp2RSvfaab88Ajexs0AHeV0uasYhi99WPaogmBlRHNRuly8xV75cNTMDA==}

  '@vue/compiler-sfc@3.5.13':
    resolution: {integrity: sha512-6VdaljMpD82w6c2749Zhf5T9u5uLBWKnVue6XWxprDobftnletJ8+oel7sexFfM3qIxNmVE7LSFGTpv6obNyaQ==}

  '@vue/compiler-ssr@3.5.13':
    resolution: {integrity: sha512-wMH6vrYHxQl/IybKJagqbquvxpWCuVYpoUJfCqFZwa/JY1GdATAQ+TgVtgrwwMZ0D07QhA99rs/EAAWfvG6KpA==}

  '@vue/compiler-vue2@2.7.16':
    resolution: {integrity: sha512-qYC3Psj9S/mfu9uVi5WvNZIzq+xnXMhOwbTFKKDD7b1lhpnn71jXSFdTQ+WsIEk0ONCd7VV2IMm7ONl6tbQ86A==}

  '@vue/language-core@2.2.0':
    resolution: {integrity: sha512-O1ZZFaaBGkKbsRfnVH1ifOK1/1BUkyK+3SQsfnh6PmMmD4qJcTU8godCeA96jjDRTL6zgnK7YzCHfaUlH2r0Mw==}
    peerDependencies:
      typescript: '*'
    peerDependenciesMeta:
      typescript:
        optional: true

  '@vue/reactivity@3.5.13':
    resolution: {integrity: sha512-NaCwtw8o48B9I6L1zl2p41OHo/2Z4wqYGGIK1Khu5T7yxrn+ATOixn/Udn2m+6kZKB/J7cuT9DbWWhRxqixACg==}

  '@vue/runtime-core@3.5.13':
    resolution: {integrity: sha512-Fj4YRQ3Az0WTZw1sFe+QDb0aXCerigEpw418pw1HBUKFtnQHWzwojaukAs2X/c9DQz4MQ4bsXTGlcpGxU/RCIw==}

  '@vue/runtime-dom@3.5.13':
    resolution: {integrity: sha512-dLaj94s93NYLqjLiyFzVs9X6dWhTdAlEAciC3Moq7gzAc13VJUdCnjjRurNM6uTLFATRHexHCTu/Xp3eW6yoog==}

  '@vue/server-renderer@3.5.13':
    resolution: {integrity: sha512-wAi4IRJV/2SAW3htkTlB+dHeRmpTiVIK1OGLWV1yeStVSebSQQOwGwIq0D3ZIoBj2C2qpgz5+vX9iEBkTdk5YA==}
    peerDependencies:
      vue: 3.5.13

  '@vue/shared@3.5.13':
    resolution: {integrity: sha512-/hnE/qP5ZoGpol0a5mDi45bOd7t3tjYJBjsgCsivow7D48cJeV5l05RD82lPqi7gRiphZM37rnhW1l6ZoCNNnQ==}

  '@vue/tsconfig@0.7.0':
    resolution: {integrity: sha512-ku2uNz5MaZ9IerPPUyOHzyjhXoX2kVJaVf7hL315DC17vS6IiZRmmCPfggNbU16QTvM80+uYYy3eYJB59WCtvg==}
    peerDependencies:
      typescript: 5.x
      vue: ^3.4.0
    peerDependenciesMeta:
      typescript:
        optional: true
      vue:
        optional: true

  '@vueuse/core@9.13.0':
    resolution: {integrity: sha512-pujnclbeHWxxPRqXWmdkKV5OX4Wk4YeK7wusHqRwU0Q7EFusHoqNA/aPhB6KCh9hEqJkLAJo7bb0Lh9b+OIVzw==}

  '@vueuse/metadata@9.13.0':
    resolution: {integrity: sha512-gdU7TKNAUVlXXLbaF+ZCfte8BjRJQWPCa2J55+7/h+yDtzw3vOoGQDRXzI6pyKyo6bXFT5/QoPE4hAknExjRLQ==}

  '@vueuse/shared@9.13.0':
    resolution: {integrity: sha512-UrnhU+Cnufu4S6JLCPZnkWh0WwZGUp72ktOF2DFptMlOs3TOdVv8xJN53zhHGARmVOsz5KqOls09+J1NR6sBKw==}

  alien-signals@0.4.12:
    resolution: {integrity: sha512-Og0PgAihxlp1R22bsoBsyhhMG4+qhU+fkkLPoGBQkYVc3qt9rYnrwYTf+M6kqUqUZpf3rXDnpL90iKa0QcSVVg==}

  ant-design-vue@4.2.6:
    resolution: {integrity: sha512-t7eX13Yj3i9+i5g9lqFyYneoIb3OzTvQjq9Tts1i+eiOd3Eva/6GagxBSXM1fOCjqemIu0FYVE1ByZ/38epR3Q==}
    engines: {node: '>=12.22.0'}
    peerDependencies:
      vue: '>=3.2.0'

  array-tree-filter@2.1.0:
    resolution: {integrity: sha512-4ROwICNlNw/Hqa9v+rk5h22KjmzB1JGTMVKP2AKJBOCgb0yL0ASf0+YvCcLNNwquOHNX48jkeZIJ3a+oOQqKcw==}

  async-validator@4.2.5:
    resolution: {integrity: sha512-7HhHjtERjqlNbZtqNqy2rckN/SpOOlmDliet+lP7k+eKZEjPk3DgyeU9lIXLdeLz0uBbbVp+9Qdow9wJWgwwfg==}

  balanced-match@1.0.2:
    resolution: {integrity: sha512-3oSeUO0TMV67hN1AmbXsK4yaqU7tjiHlbxRDZOpH0KW9+CeX4bRAaX0Anxt0tx2MrpRpWwQaPwIlISEJhYU5Pw==}

  brace-expansion@2.0.1:
    resolution: {integrity: sha512-XnAIvQ8eM+kC6aULx6wuQiwVsnzsi9d3WxzV3FpWTGA19F621kwdbsAcFKXgKUHZWsy+mY6iL1sHTxWEFCytDA==}

  compute-scroll-into-view@1.0.20:
    resolution: {integrity: sha512-UCB0ioiyj8CRjtrvaceBLqqhZCVP+1B8+NWQhmdsm0VXOJtobBCf1dBQmebCCo34qZmUwZfIH2MZLqNHazrfjg==}

  core-js@3.39.0:
    resolution: {integrity: sha512-raM0ew0/jJUqkJ0E6e8UDtl+y/7ktFivgWvqw8dNSQeNWoSDLvQ1H/RN3aPXB9tBd4/FhyR4RDPGhsNIMsAn7g==}

  css-render@0.15.14:
    resolution: {integrity: sha512-9nF4PdUle+5ta4W5SyZdLCCmFd37uVimSjg1evcTqKJCyvCEEj12WKzOSBNak6r4im4J4iYXKH1OWpUV5LBYFg==}

  csstype@3.0.11:
    resolution: {integrity: sha512-sa6P2wJ+CAbgyy4KFssIb/JNMLxFvKF1pCYCSXS8ZMuqZnMsrxqI2E5sPyoTpxoPU/gVZMzr2zjOfg8GIZOMsw==}

  csstype@3.1.3:
    resolution: {integrity: sha512-M1uQkMl8rQK/szD0LNhtqxIPLpimGm8sOBwU7lLnCpSbTyY3yeU1Vc7l4KT5zT4s/yOxHH5O7tIuuLOCnLADRw==}

  date-fns-tz@3.2.0:
    resolution: {integrity: sha512-sg8HqoTEulcbbbVXeg84u5UnlsQa8GS5QXMqjjYIhS4abEVVKIUwe0/l/UhrZdKaL/W5eWZNlbTeEIiOXTcsBQ==}
    peerDependencies:
      date-fns: ^3.0.0 || ^4.0.0

  date-fns@3.6.0:
    resolution: {integrity: sha512-fRHTG8g/Gif+kSh50gaGEdToemgfj74aRX3swtiouboip5JDLAyDE9F11nHMIcvOaXeOC6D7SpNhi7uFyB7Uww==}

  dayjs@1.11.13:
    resolution: {integrity: sha512-oaMBel6gjolK862uaPQOVTA7q3TZhuSvuMQAAglQDOWYO9A91IrAOUJEyKVlqJlHE0vq5p5UXxzdPfMH/x6xNg==}

  de-indent@1.0.2:
    resolution: {integrity: sha512-e/1zu3xH5MQryN2zdVaF0OrdNLUbvWxzMbi+iNA6Bky7l1RoP8a2fIbRocyHclXt/arDrrR6lL3TqFD9pMQTsg==}

  dom-align@1.12.4:
    resolution: {integrity: sha512-R8LUSEay/68zE5c8/3BDxiTEvgb4xZTF0RKmAHfiEVN3klfIpXfi2/QCoiWPccVQ0J/ZGdz9OjzL4uJEP/MRAw==}

  dom-scroll-into-view@2.0.1:
    resolution: {integrity: sha512-bvVTQe1lfaUr1oFzZX80ce9KLDlZ3iU+XGNE/bz9HnGdklTieqsbmsLHe+rT2XWqopvL0PckkYqN7ksmm5pe3w==}

  element-plus@2.9.2:
    resolution: {integrity: sha512-HS+Cc5mmy70DixJuoN3cMxPPoNWXkjHzUw2PcGmysk6NHQzzUtwi2Vc+dlmbmRxj3eNqgC1xpPQV5Nf9uDtQRg==}
    peerDependencies:
      vue: ^3.2.0

  entities@4.5.0:
    resolution: {integrity: sha512-V0hjH4dGPh9Ao5p0MoRY6BVqtwCjhz6vI5LT8AJ55H+4g9/4vbHx1I54fS0XuclLhDHArPQCiMjDxjaL8fPxhw==}
    engines: {node: '>=0.12'}

  epic-designer@0.9.28:
    resolution: {integrity: sha512-zu14eD1xTQY5OgxsaJAA1aHRQazBhcCCngiIKUAmyPNhOJ4DX4qWSw1K/6CBFsltlocOXtJCxzIs+AeUMXy4DA==}
    peerDependencies:
      ant-design-vue: '>=3.2.20'
      dayjs: '>=1.0.0'
      element-plus: '>=2.1.4'
      monaco-editor: '>=0.48.0'
      naive-ui: '>=2.30.0'
      vue: '>=3.1.0'

  esbuild@0.24.2:
    resolution: {integrity: sha512-+9egpBW8I3CD5XPe0n6BfT5fxLzxrlDzqydF3aviG+9ni1lDC/OvMHcxqEFV0+LANZG5R1bFMWfUrjVsdwxJvA==}
    engines: {node: '>=18'}
    hasBin: true

  escape-html@1.0.3:
    resolution: {integrity: sha512-NiSupZ4OeuGwr68lGIeym/ksIZMJodUGOSCZ/FSnTxcrekbvqrgdUxlJOMpijaKZVjAJrWrGs/6Jy8OMuyj9ow==}

  estree-walker@2.0.2:
    resolution: {integrity: sha512-Rfkk/Mp/DL7JVje3u18FxFujQlTNR2q6QfMSMB7AvCBx91NGj/ba3kCfza0f6dVDbw7YlRf/nDrn7pQrCCyQ/w==}

  evtd@0.2.4:
    resolution: {integrity: sha512-qaeGN5bx63s/AXgQo8gj6fBkxge+OoLddLniox5qtLAEY5HSnuSlISXVPxnSae1dWblvTh4/HoMIB+mbMsvZzw==}

  fsevents@2.3.3:
    resolution: {integrity: sha512-5xoDfX+fL7faATnagmWPpbFtwh/R77WmMMqqHGS65C3vvB0YHrgF+B1YmZ3441tMj5n63k0212XNoJwzlhffQw==}
    engines: {node: ^8.16.0 || ^10.6.0 || >=11.0.0}
    os: [darwin]

  he@1.2.0:
    resolution: {integrity: sha512-F/1DnUGPopORZi0ni+CvrCgHQ5FyEAHRLSApuYWMmrbSwoN2Mn/7k+Gl38gJnR7yyDZk6WLXwiGod1JOWNDKGw==}
    hasBin: true

  highlight.js@11.11.1:
    resolution: {integrity: sha512-Xwwo44whKBVCYoliBQwaPvtd/2tYFkRQtXDWj1nackaV2JPXx3L0+Jvd8/qCJ2p+ML0/XVkJ2q+Mr+UVdpJK5w==}
    engines: {node: '>=12.0.0'}

  is-plain-object@3.0.1:
    resolution: {integrity: sha512-Xnpx182SBMrr/aBik8y+GuR4U1L9FqMSojwDQwPMmxyC6bvEqly9UBCxhauBF5vNh2gwWJNX6oDV7O+OM4z34g==}
    engines: {node: '>=0.10.0'}

  js-tokens@4.0.0:
    resolution: {integrity: sha512-RdJUflcE3cUzKiMqQgsCu06FPu9UdIJO0beYbPhHN4k6apgJtifcoCtT9bcxOpYBtpD2kCM6Sbzg4CausW/PKQ==}

  lodash-es@4.17.21:
    resolution: {integrity: sha512-mKnC+QJ9pWVzv+C4/U3rRsHapFfHvQFoFB92e52xeyGMcX6/OlIl78je1u8vePzYZSkkogMPJ2yjxxsb89cxyw==}

  lodash-unified@1.0.3:
    resolution: {integrity: sha512-WK9qSozxXOD7ZJQlpSqOT+om2ZfcT4yO+03FuzAHD0wF6S0l0090LRPDx3vhTTLZ8cFKpBn+IOcVXK6qOcIlfQ==}
    peerDependencies:
      '@types/lodash-es': '*'
      lodash: '*'
      lodash-es: '*'

  lodash@4.17.21:
    resolution: {integrity: sha512-v2kDEe57lecTulaDIuNTPy3Ry4gLGJ6Z1O3vE1krgXZNrsQ+LFTGHVxVjcXPs17LhbZVGedAJv8XZ1tvj5FvSg==}

  loose-envify@1.4.0:
    resolution: {integrity: sha512-lyuxPGr/Wfhrlem2CL/UcnUc1zcqKAImBDzukY7Y5F/yQiNdko6+fRLevlw1HgMySw7f611UIY408EtxRSoK3Q==}
    hasBin: true

  magic-string@0.30.17:
    resolution: {integrity: sha512-sNPKHvyjVf7gyjwS4xGTaW/mCnF8wnjtifKBEhxfZ7E/S8tQ0rssrwGNn6q8JH/ohItJfSQp9mBtQYuTlH5QnA==}

  memoize-one@6.0.0:
    resolution: {integrity: sha512-rkpe71W0N0c0Xz6QD0eJETuWAJGnJ9afsl1srmwPrI+yBCkge5EycXXbYRyvL29zZVUWQCY7InPRCv3GDXuZNw==}

  minimatch@9.0.5:
    resolution: {integrity: sha512-G6T0ZX48xgozx7587koeX9Ys2NYy6Gmv//P89sEte9V9whIapMNF4idKxnW2QtCcLiTWlb/wfCabAtAFWhhBow==}
    engines: {node: '>=16 || 14 >=14.17'}

  monaco-editor@0.52.2:
    resolution: {integrity: sha512-GEQWEZmfkOGLdd3XK8ryrfWz3AIP8YymVXiPHEdewrUq7mh0qrKrfHLNCXcbB6sTnMLnOZ3ztSiKcciFUkIJwQ==}

  muggle-string@0.4.1:
    resolution: {integrity: sha512-VNTrAak/KhO2i8dqqnqnAHOa3cYBwXEZe9h+D5h/1ZqFSTEFHdM65lR7RoIqq3tBBYavsOXV84NoHXZ0AkPyqQ==}

  naive-ui@2.41.0:
    resolution: {integrity: sha512-KnmLg+xPLwXV8QVR7ZZ69eCjvel7R5vru8+eFe4VoAJHEgqAJgVph6Zno9K2IVQRpSF3GBGea3tjavslOR4FAA==}
    peerDependencies:
      vue: ^3.0.0

  nanoid@3.3.8:
    resolution: {integrity: sha512-WNLf5Sd8oZxOm+TzppcYk8gVOgP+l58xNy58D0nbUnOxOWRWvlcCV4kUF7ltmI6PsrLl/BgKEyS4mqsGChFN0w==}
    engines: {node: ^10 || ^12 || ^13.7 || ^14 || >=15.0.1}
    hasBin: true

  nanopop@2.4.2:
    resolution: {integrity: sha512-NzOgmMQ+elxxHeIha+OG/Pv3Oc3p4RU2aBhwWwAqDpXrdTbtRylbRLQztLy8dMMwfl6pclznBdfUhccEn9ZIzw==}

  normalize-wheel-es@1.2.0:
    resolution: {integrity: sha512-Wj7+EJQ8mSuXr2iWfnujrimU35R2W4FAErEyTmJoJ7ucwTn2hOUSsRehMb5RSYkxXGTM7Y9QpvPmp++w5ftoJw==}

  path-browserify@1.0.1:
    resolution: {integrity: sha512-b7uo2UCUOYZcnF/3ID0lulOJi/bafxa1xPe7ZPsammBSpjSWQkjNxlt635YGS2MiR9GjvuXCtz2emr3jbsz98g==}

  picocolors@1.1.1:
    resolution: {integrity: sha512-xceH2snhtb5M9liqDsmEw56le376mTZkEX/jEb/RxNFyegNul7eNslCXP9FDj/Lcu0X8KEyMceP2ntpaHrDEVA==}

  postcss@8.4.49:
    resolution: {integrity: sha512-OCVPnIObs4N29kxTjzLfUryOkvZEq+pf8jTF0lg8E7uETuWHA+v7j3c/xJmiqpX450191LlmZfUKkXxkTry7nA==}
    engines: {node: ^10 || ^12 || >=14}

  regenerator-runtime@0.14.1:
    resolution: {integrity: sha512-dYnhHh0nJoMfnkZs6GmmhFknAGRrLznOu5nc9ML+EJxGvrx6H7teuevqVqCuPcPK//3eDrrjQhehXVx9cnkGdw==}

  resize-observer-polyfill@1.5.1:
    resolution: {integrity: sha512-LwZrotdHOo12nQuZlHEmtuXdqGoOD0OhaxopaNFxWzInpEgaLWoVuAMbTzixuosCx2nEG58ngzW3vxdWoxIgdg==}

  rollup@4.29.2:
    resolution: {integrity: sha512-tJXpsEkzsEzyAKIaB3qv3IuvTVcTN7qBw1jL4SPPXM3vzDrJgiLGFY6+HodgFaUHAJ2RYJ94zV5MKRJCoQzQeA==}
    engines: {node: '>=18.0.0', npm: '>=8.0.0'}
    hasBin: true

  scroll-into-view-if-needed@2.2.31:
    resolution: {integrity: sha512-dGCXy99wZQivjmjIqihaBQNjryrz5rueJY7eHfTdyWEiR4ttYpsajb14rn9s5d4DY4EcY6+4+U/maARBXJedkA==}

  seemly@0.3.9:
    resolution: {integrity: sha512-bMLcaEqhIViiPbaumjLN8t1y+JpD/N8SiyYOyp0i0W6RgdyLWboIsUWAbZojF//JyerxPZR5Tgda+x3Pdne75A==}

  shallow-equal@1.2.1:
    resolution: {integrity: sha512-S4vJDjHHMBaiZuT9NPb616CSmLf618jawtv3sufLl6ivK8WocjAo58cXwbRV1cgqxH0Qbv+iUt6m05eqEa2IRA==}

  sortablejs@1.14.0:
    resolution: {integrity: sha512-pBXvQCs5/33fdN1/39pPL0NZF20LeRbLQ5jtnheIPN9JQAaufGjKdWduZn4U7wCtVuzKhmRkI0DFYHYRbB2H1w==}

  source-map-js@1.2.1:
    resolution: {integrity: sha512-UXWMKhLOwVKb728IUtQPXxfYU+usdybtUrK/8uGE8CQMvrhOpwvzDBwj0QhSL7MQc7vIsISBG8VQ8+IDQxpfQA==}
    engines: {node: '>=0.10.0'}

  stylis@4.3.4:
    resolution: {integrity: sha512-osIBl6BGUmSfDkyH2mB7EFvCJntXDrLhKjHTRj/rK6xLH0yuPrHULDRQzKokSOD4VoorhtKpfcfW1GAntu8now==}

  throttle-debounce@5.0.2:
    resolution: {integrity: sha512-B71/4oyj61iNH0KeCamLuE2rmKuTO5byTOSVwECM5FA7TiAiAW+UqTKZ9ERueC4qvgSttUhdmq1mXC3kJqGX7A==}
    engines: {node: '>=12.22'}

  treemate@0.3.11:
    resolution: {integrity: sha512-M8RGFoKtZ8dF+iwJfAJTOH/SM4KluKOKRJpjCMhI8bG3qB74zrFoArKZ62ll0Fr3mqkMJiQOmWYkdYgDeITYQg==}

  typescript@5.6.3:
    resolution: {integrity: sha512-hjcS1mhfuyi4WW8IWtjP7brDrG2cuDZukyrYrSauoXGNgx0S7zceP07adYkJycEr56BOUTNPzbInooiN3fn1qw==}
    engines: {node: '>=14.17'}
    hasBin: true

  vdirs@0.1.8:
    resolution: {integrity: sha512-H9V1zGRLQZg9b+GdMk8MXDN2Lva0zx72MPahDKc30v+DtwKjfyOSXWRIX4t2mhDubM1H09gPhWeth/BJWPHGUw==}
    peerDependencies:
      vue: ^3.0.11

  vite-plugin-monaco-editor@1.1.0:
    resolution: {integrity: sha512-IvtUqZotrRoVqwT0PBBDIZPNraya3BxN/bfcNfnxZ5rkJiGcNtO5eAOWWSgT7zullIAEqQwxMU83yL9J5k7gww==}
    peerDependencies:
      monaco-editor: '>=0.33.0'

  vite@6.0.7:
    resolution: {integrity: sha512-RDt8r/7qx9940f8FcOIAH9PTViRrghKaK2K1jY3RaAURrEUbm9Du1mJ72G+jlhtG3WwodnfzY8ORQZbBavZEAQ==}
    engines: {node: ^18.0.0 || ^20.0.0 || >=22.0.0}
    hasBin: true
    peerDependencies:
      '@types/node': ^18.0.0 || ^20.0.0 || >=22.0.0
      jiti: '>=1.21.0'
      less: '*'
      lightningcss: ^1.21.0
      sass: '*'
      sass-embedded: '*'
      stylus: '*'
      sugarss: '*'
      terser: ^5.16.0
      tsx: ^4.8.1
      yaml: ^2.4.2
    peerDependenciesMeta:
      '@types/node':
        optional: true
      jiti:
        optional: true
      less:
        optional: true
      lightningcss:
        optional: true
      sass:
        optional: true
      sass-embedded:
        optional: true
      stylus:
        optional: true
      sugarss:
        optional: true
      terser:
        optional: true
      tsx:
        optional: true
      yaml:
        optional: true

  vooks@0.2.12:
    resolution: {integrity: sha512-iox0I3RZzxtKlcgYaStQYKEzWWGAduMmq+jS7OrNdQo1FgGfPMubGL3uGHOU9n97NIvfFDBGnpSvkWyb/NSn/Q==}
    peerDependencies:
      vue: ^3.0.0

  vscode-uri@3.0.8:
    resolution: {integrity: sha512-AyFQ0EVmsOZOlAnxoFOGOq1SQDWAB7C6aqMGS23svWAllfOaxbuFvcT8D1i8z3Gyn8fraVeZNNmN6e9bxxXkKw==}

  vue-demi@0.14.10:
    resolution: {integrity: sha512-nMZBOwuzabUO0nLgIcc6rycZEebF6eeUfaiQx9+WSk8e29IbLvPU9feI6tqW4kTo3hvoYAJkMh8n8D0fuISphg==}
    engines: {node: '>=12'}
    hasBin: true
    peerDependencies:
      '@vue/composition-api': ^1.0.0-rc.1
      vue: ^3.0.0-0 || ^2.6.0
    peerDependenciesMeta:
      '@vue/composition-api':
        optional: true

  vue-tsc@2.2.0:
    resolution: {integrity: sha512-gtmM1sUuJ8aSb0KoAFmK9yMxb8TxjewmxqTJ1aKphD5Cbu0rULFY6+UQT51zW7SpUcenfPUuflKyVwyx9Qdnxg==}
    hasBin: true
    peerDependencies:
      typescript: '>=5.0.0'

  vue-types@3.0.2:
    resolution: {integrity: sha512-IwUC0Aq2zwaXqy74h4WCvFCUtoV0iSWr0snWnE9TnU18S66GAQyqQbRf2qfJtUuiFsBf6qp0MEwdonlwznlcrw==}
    engines: {node: '>=10.15.0'}
    peerDependencies:
      vue: ^3.0.0

  vue@3.5.13:
    resolution: {integrity: sha512-wmeiSMxkZCSc+PM2w2VRsOYAZC8GdipNFRTsLSfodVqI9mbejKeXEGr8SckuLnrQPGe3oJN5c3K0vpoU9q/wCQ==}
    peerDependencies:
      typescript: '*'
    peerDependenciesMeta:
      typescript:
        optional: true

  vuedraggable@4.1.0:
    resolution: {integrity: sha512-FU5HCWBmsf20GpP3eudURW3WdWTKIbEIQxh9/8GE806hydR9qZqRRxRE3RjqX7PkuLuMQG/A7n3cfj9rCEchww==}
    peerDependencies:
      vue: ^3.0.1

  vueuc@0.4.64:
    resolution: {integrity: sha512-wlJQj7fIwKK2pOEoOq4Aro8JdPOGpX8aWQhV8YkTW9OgWD2uj2O8ANzvSsIGjx7LTOc7QbS7sXdxHi6XvRnHPA==}
    peerDependencies:
      vue: ^3.0.11

  warning@4.0.3:
    resolution: {integrity: sha512-rpJyN222KWIvHJ/F53XSZv0Zl/accqHR8et1kpaMTD/fLCRxtV8iX8czMzY7sVZupTI3zcUTg8eycS2kNF9l6w==}

snapshots:

  '@ant-design/colors@6.0.0':
    dependencies:
      '@ctrl/tinycolor': 3.6.1

  '@ant-design/icons-svg@4.4.2': {}

  '@ant-design/icons-vue@7.0.1(vue@3.5.13(typescript@5.6.3))':
    dependencies:
      '@ant-design/colors': 6.0.0
      '@ant-design/icons-svg': 4.4.2
      vue: 3.5.13(typescript@5.6.3)

  '@babel/helper-string-parser@7.25.9': {}

  '@babel/helper-validator-identifier@7.25.9': {}

  '@babel/parser@7.26.3':
    dependencies:
      '@babel/types': 7.26.3

  '@babel/runtime@7.26.0':
    dependencies:
      regenerator-runtime: 0.14.1

  '@babel/types@7.26.3':
    dependencies:
      '@babel/helper-string-parser': 7.25.9
      '@babel/helper-validator-identifier': 7.25.9

  '@css-render/plugin-bem@0.15.14(css-render@0.15.14)':
    dependencies:
      css-render: 0.15.14

  '@css-render/vue3-ssr@0.15.14(vue@3.5.13(typescript@5.6.3))':
    dependencies:
      vue: 3.5.13(typescript@5.6.3)

  '@ctrl/tinycolor@3.6.1': {}

  '@element-plus/icons-vue@2.3.1(vue@3.5.13(typescript@5.6.3))':
    dependencies:
      vue: 3.5.13(typescript@5.6.3)

  '@emotion/hash@0.8.0': {}

  '@emotion/hash@0.9.2': {}

  '@emotion/unitless@0.8.1': {}

  '@esbuild/aix-ppc64@0.24.2':
    optional: true

  '@esbuild/android-arm64@0.24.2':
    optional: true

  '@esbuild/android-arm@0.24.2':
    optional: true

  '@esbuild/android-x64@0.24.2':
    optional: true

  '@esbuild/darwin-arm64@0.24.2':
    optional: true

  '@esbuild/darwin-x64@0.24.2':
    optional: true

  '@esbuild/freebsd-arm64@0.24.2':
    optional: true

  '@esbuild/freebsd-x64@0.24.2':
    optional: true

  '@esbuild/linux-arm64@0.24.2':
    optional: true

  '@esbuild/linux-arm@0.24.2':
    optional: true

  '@esbuild/linux-ia32@0.24.2':
    optional: true

  '@esbuild/linux-loong64@0.24.2':
    optional: true

  '@esbuild/linux-mips64el@0.24.2':
    optional: true

  '@esbuild/linux-ppc64@0.24.2':
    optional: true

  '@esbuild/linux-riscv64@0.24.2':
    optional: true

  '@esbuild/linux-s390x@0.24.2':
    optional: true

  '@esbuild/linux-x64@0.24.2':
    optional: true

  '@esbuild/netbsd-arm64@0.24.2':
    optional: true

  '@esbuild/netbsd-x64@0.24.2':
    optional: true

  '@esbuild/openbsd-arm64@0.24.2':
    optional: true

  '@esbuild/openbsd-x64@0.24.2':
    optional: true

  '@esbuild/sunos-x64@0.24.2':
    optional: true

  '@esbuild/win32-arm64@0.24.2':
    optional: true

  '@esbuild/win32-ia32@0.24.2':
    optional: true

  '@esbuild/win32-x64@0.24.2':
    optional: true

  '@floating-ui/core@1.6.8':
    dependencies:
      '@floating-ui/utils': 0.2.8

  '@floating-ui/dom@1.6.12':
    dependencies:
      '@floating-ui/core': 1.6.8
      '@floating-ui/utils': 0.2.8

  '@floating-ui/utils@0.2.8': {}

  '@jridgewell/sourcemap-codec@1.5.0': {}

  '@juggle/resize-observer@3.4.0': {}

  '@rollup/rollup-android-arm-eabi@4.29.2':
    optional: true

  '@rollup/rollup-android-arm64@4.29.2':
    optional: true

  '@rollup/rollup-darwin-arm64@4.29.2':
    optional: true

  '@rollup/rollup-darwin-x64@4.29.2':
    optional: true

  '@rollup/rollup-freebsd-arm64@4.29.2':
    optional: true

  '@rollup/rollup-freebsd-x64@4.29.2':
    optional: true

  '@rollup/rollup-linux-arm-gnueabihf@4.29.2':
    optional: true

  '@rollup/rollup-linux-arm-musleabihf@4.29.2':
    optional: true

  '@rollup/rollup-linux-arm64-gnu@4.29.2':
    optional: true

  '@rollup/rollup-linux-arm64-musl@4.29.2':
    optional: true

  '@rollup/rollup-linux-loongarch64-gnu@4.29.2':
    optional: true

  '@rollup/rollup-linux-powerpc64le-gnu@4.29.2':
    optional: true

  '@rollup/rollup-linux-riscv64-gnu@4.29.2':
    optional: true

  '@rollup/rollup-linux-s390x-gnu@4.29.2':
    optional: true

  '@rollup/rollup-linux-x64-gnu@4.29.2':
    optional: true

  '@rollup/rollup-linux-x64-musl@4.29.2':
    optional: true

  '@rollup/rollup-win32-arm64-msvc@4.29.2':
    optional: true

  '@rollup/rollup-win32-ia32-msvc@4.29.2':
    optional: true

  '@rollup/rollup-win32-x64-msvc@4.29.2':
    optional: true

  '@simonwep/pickr@1.8.2':
    dependencies:
      core-js: 3.39.0
      nanopop: 2.4.2

  '@sxzz/popperjs-es@2.11.7': {}

  '@types/estree@1.0.6': {}

  '@types/katex@0.16.7': {}

  '@types/lodash-es@4.17.12':
    dependencies:
      '@types/lodash': 4.17.14

  '@types/lodash@4.17.14': {}

  '@types/web-bluetooth@0.0.16': {}

  '@vitejs/plugin-vue@5.2.1(vite@6.0.7)(vue@3.5.13(typescript@5.6.3))':
    dependencies:
      vite: 6.0.7
      vue: 3.5.13(typescript@5.6.3)

  '@volar/language-core@2.4.11':
    dependencies:
      '@volar/source-map': 2.4.11

  '@volar/source-map@2.4.11': {}

  '@volar/typescript@2.4.11':
    dependencies:
      '@volar/language-core': 2.4.11
      path-browserify: 1.0.1
      vscode-uri: 3.0.8

  '@vue/compiler-core@3.5.13':
    dependencies:
      '@babel/parser': 7.26.3
      '@vue/shared': 3.5.13
      entities: 4.5.0
      estree-walker: 2.0.2
      source-map-js: 1.2.1

  '@vue/compiler-dom@3.5.13':
    dependencies:
      '@vue/compiler-core': 3.5.13
      '@vue/shared': 3.5.13

  '@vue/compiler-sfc@3.5.13':
    dependencies:
      '@babel/parser': 7.26.3
      '@vue/compiler-core': 3.5.13
      '@vue/compiler-dom': 3.5.13
      '@vue/compiler-ssr': 3.5.13
      '@vue/shared': 3.5.13
      estree-walker: 2.0.2
      magic-string: 0.30.17
      postcss: 8.4.49
      source-map-js: 1.2.1

  '@vue/compiler-ssr@3.5.13':
    dependencies:
      '@vue/compiler-dom': 3.5.13
      '@vue/shared': 3.5.13

  '@vue/compiler-vue2@2.7.16':
    dependencies:
      de-indent: 1.0.2
      he: 1.2.0

  '@vue/language-core@2.2.0(typescript@5.6.3)':
    dependencies:
      '@volar/language-core': 2.4.11
      '@vue/compiler-dom': 3.5.13
      '@vue/compiler-vue2': 2.7.16
      '@vue/shared': 3.5.13
      alien-signals: 0.4.12
      minimatch: 9.0.5
      muggle-string: 0.4.1
      path-browserify: 1.0.1
    optionalDependencies:
      typescript: 5.6.3

  '@vue/reactivity@3.5.13':
    dependencies:
      '@vue/shared': 3.5.13

  '@vue/runtime-core@3.5.13':
    dependencies:
      '@vue/reactivity': 3.5.13
      '@vue/shared': 3.5.13

  '@vue/runtime-dom@3.5.13':
    dependencies:
      '@vue/reactivity': 3.5.13
      '@vue/runtime-core': 3.5.13
      '@vue/shared': 3.5.13
      csstype: 3.1.3

  '@vue/server-renderer@3.5.13(vue@3.5.13(typescript@5.6.3))':
    dependencies:
      '@vue/compiler-ssr': 3.5.13
      '@vue/shared': 3.5.13
      vue: 3.5.13(typescript@5.6.3)

  '@vue/shared@3.5.13': {}

  '@vue/tsconfig@0.7.0(typescript@5.6.3)(vue@3.5.13(typescript@5.6.3))':
    optionalDependencies:
      typescript: 5.6.3
      vue: 3.5.13(typescript@5.6.3)

  '@vueuse/core@9.13.0(vue@3.5.13(typescript@5.6.3))':
    dependencies:
      '@types/web-bluetooth': 0.0.16
      '@vueuse/metadata': 9.13.0
      '@vueuse/shared': 9.13.0(vue@3.5.13(typescript@5.6.3))
      vue-demi: 0.14.10(vue@3.5.13(typescript@5.6.3))
    transitivePeerDependencies:
      - '@vue/composition-api'
      - vue

  '@vueuse/metadata@9.13.0': {}

  '@vueuse/shared@9.13.0(vue@3.5.13(typescript@5.6.3))':
    dependencies:
      vue-demi: 0.14.10(vue@3.5.13(typescript@5.6.3))
    transitivePeerDependencies:
      - '@vue/composition-api'
      - vue

  alien-signals@0.4.12: {}

  ant-design-vue@4.2.6(vue@3.5.13(typescript@5.6.3)):
    dependencies:
      '@ant-design/colors': 6.0.0
      '@ant-design/icons-vue': 7.0.1(vue@3.5.13(typescript@5.6.3))
      '@babel/runtime': 7.26.0
      '@ctrl/tinycolor': 3.6.1
      '@emotion/hash': 0.9.2
      '@emotion/unitless': 0.8.1
      '@simonwep/pickr': 1.8.2
      array-tree-filter: 2.1.0
      async-validator: 4.2.5
      csstype: 3.1.3
      dayjs: 1.11.13
      dom-align: 1.12.4
      dom-scroll-into-view: 2.0.1
      lodash: 4.17.21
      lodash-es: 4.17.21
      resize-observer-polyfill: 1.5.1
      scroll-into-view-if-needed: 2.2.31
      shallow-equal: 1.2.1
      stylis: 4.3.4
      throttle-debounce: 5.0.2
      vue: 3.5.13(typescript@5.6.3)
      vue-types: 3.0.2(vue@3.5.13(typescript@5.6.3))
      warning: 4.0.3

  array-tree-filter@2.1.0: {}

  async-validator@4.2.5: {}

  balanced-match@1.0.2: {}

  brace-expansion@2.0.1:
    dependencies:
      balanced-match: 1.0.2

  compute-scroll-into-view@1.0.20: {}

  core-js@3.39.0: {}

  css-render@0.15.14:
    dependencies:
      '@emotion/hash': 0.8.0
      csstype: 3.0.11

  csstype@3.0.11: {}

  csstype@3.1.3: {}

  date-fns-tz@3.2.0(date-fns@3.6.0):
    dependencies:
      date-fns: 3.6.0

  date-fns@3.6.0: {}

  dayjs@1.11.13: {}

  de-indent@1.0.2: {}

  dom-align@1.12.4: {}

  dom-scroll-into-view@2.0.1: {}

  element-plus@2.9.2(vue@3.5.13(typescript@5.6.3)):
    dependencies:
      '@ctrl/tinycolor': 3.6.1
      '@element-plus/icons-vue': 2.3.1(vue@3.5.13(typescript@5.6.3))
      '@floating-ui/dom': 1.6.12
      '@popperjs/core': '@sxzz/popperjs-es@2.11.7'
      '@types/lodash': 4.17.14
      '@types/lodash-es': 4.17.12
      '@vueuse/core': 9.13.0(vue@3.5.13(typescript@5.6.3))
      async-validator: 4.2.5
      dayjs: 1.11.13
      escape-html: 1.0.3
      lodash: 4.17.21
      lodash-es: 4.17.21
      lodash-unified: 1.0.3(@types/lodash-es@4.17.12)(lodash-es@4.17.21)(lodash@4.17.21)
      memoize-one: 6.0.0
      normalize-wheel-es: 1.2.0
      vue: 3.5.13(typescript@5.6.3)
    transitivePeerDependencies:
      - '@vue/composition-api'

  entities@4.5.0: {}

  epic-designer@0.9.28(ant-design-vue@4.2.6(vue@3.5.13(typescript@5.6.3)))(dayjs@1.11.13)(element-plus@2.9.2(vue@3.5.13(typescript@5.6.3)))(monaco-editor@0.52.2)(naive-ui@2.41.0(vue@3.5.13(typescript@5.6.3)))(vue@3.5.13(typescript@5.6.3)):
    dependencies:
      ant-design-vue: 4.2.6(vue@3.5.13(typescript@5.6.3))
      dayjs: 1.11.13
      element-plus: 2.9.2(vue@3.5.13(typescript@5.6.3))
      monaco-editor: 0.52.2
      naive-ui: 2.41.0(vue@3.5.13(typescript@5.6.3))
      vue: 3.5.13(typescript@5.6.3)
      vuedraggable: 4.1.0(vue@3.5.13(typescript@5.6.3))

  esbuild@0.24.2:
    optionalDependencies:
      '@esbuild/aix-ppc64': 0.24.2
      '@esbuild/android-arm': 0.24.2
      '@esbuild/android-arm64': 0.24.2
      '@esbuild/android-x64': 0.24.2
      '@esbuild/darwin-arm64': 0.24.2
      '@esbuild/darwin-x64': 0.24.2
      '@esbuild/freebsd-arm64': 0.24.2
      '@esbuild/freebsd-x64': 0.24.2
      '@esbuild/linux-arm': 0.24.2
      '@esbuild/linux-arm64': 0.24.2
      '@esbuild/linux-ia32': 0.24.2
      '@esbuild/linux-loong64': 0.24.2
      '@esbuild/linux-mips64el': 0.24.2
      '@esbuild/linux-ppc64': 0.24.2
      '@esbuild/linux-riscv64': 0.24.2
      '@esbuild/linux-s390x': 0.24.2
      '@esbuild/linux-x64': 0.24.2
      '@esbuild/netbsd-arm64': 0.24.2
      '@esbuild/netbsd-x64': 0.24.2
      '@esbuild/openbsd-arm64': 0.24.2
      '@esbuild/openbsd-x64': 0.24.2
      '@esbuild/sunos-x64': 0.24.2
      '@esbuild/win32-arm64': 0.24.2
      '@esbuild/win32-ia32': 0.24.2
      '@esbuild/win32-x64': 0.24.2

  escape-html@1.0.3: {}

  estree-walker@2.0.2: {}

  evtd@0.2.4: {}

  fsevents@2.3.3:
    optional: true

  he@1.2.0: {}

  highlight.js@11.11.1: {}

  is-plain-object@3.0.1: {}

  js-tokens@4.0.0: {}

  lodash-es@4.17.21: {}

  lodash-unified@1.0.3(@types/lodash-es@4.17.12)(lodash-es@4.17.21)(lodash@4.17.21):
    dependencies:
      '@types/lodash-es': 4.17.12
      lodash: 4.17.21
      lodash-es: 4.17.21

  lodash@4.17.21: {}

  loose-envify@1.4.0:
    dependencies:
      js-tokens: 4.0.0

  magic-string@0.30.17:
    dependencies:
      '@jridgewell/sourcemap-codec': 1.5.0

  memoize-one@6.0.0: {}

  minimatch@9.0.5:
    dependencies:
      brace-expansion: 2.0.1

  monaco-editor@0.52.2: {}

  muggle-string@0.4.1: {}

  naive-ui@2.41.0(vue@3.5.13(typescript@5.6.3)):
    dependencies:
      '@css-render/plugin-bem': 0.15.14(css-render@0.15.14)
      '@css-render/vue3-ssr': 0.15.14(vue@3.5.13(typescript@5.6.3))
      '@types/katex': 0.16.7
      '@types/lodash': 4.17.14
      '@types/lodash-es': 4.17.12
      async-validator: 4.2.5
      css-render: 0.15.14
      csstype: 3.1.3
      date-fns: 3.6.0
      date-fns-tz: 3.2.0(date-fns@3.6.0)
      evtd: 0.2.4
      highlight.js: 11.11.1
      lodash: 4.17.21
      lodash-es: 4.17.21
      seemly: 0.3.9
      treemate: 0.3.11
      vdirs: 0.1.8(vue@3.5.13(typescript@5.6.3))
      vooks: 0.2.12(vue@3.5.13(typescript@5.6.3))
      vue: 3.5.13(typescript@5.6.3)
      vueuc: 0.4.64(vue@3.5.13(typescript@5.6.3))

  nanoid@3.3.8: {}

  nanopop@2.4.2: {}

  normalize-wheel-es@1.2.0: {}

  path-browserify@1.0.1: {}

  picocolors@1.1.1: {}

  postcss@8.4.49:
    dependencies:
      nanoid: 3.3.8
      picocolors: 1.1.1
      source-map-js: 1.2.1

  regenerator-runtime@0.14.1: {}

  resize-observer-polyfill@1.5.1: {}

  rollup@4.29.2:
    dependencies:
      '@types/estree': 1.0.6
    optionalDependencies:
      '@rollup/rollup-android-arm-eabi': 4.29.2
      '@rollup/rollup-android-arm64': 4.29.2
      '@rollup/rollup-darwin-arm64': 4.29.2
      '@rollup/rollup-darwin-x64': 4.29.2
      '@rollup/rollup-freebsd-arm64': 4.29.2
      '@rollup/rollup-freebsd-x64': 4.29.2
      '@rollup/rollup-linux-arm-gnueabihf': 4.29.2
      '@rollup/rollup-linux-arm-musleabihf': 4.29.2
      '@rollup/rollup-linux-arm64-gnu': 4.29.2
      '@rollup/rollup-linux-arm64-musl': 4.29.2
      '@rollup/rollup-linux-loongarch64-gnu': 4.29.2
      '@rollup/rollup-linux-powerpc64le-gnu': 4.29.2
      '@rollup/rollup-linux-riscv64-gnu': 4.29.2
      '@rollup/rollup-linux-s390x-gnu': 4.29.2
      '@rollup/rollup-linux-x64-gnu': 4.29.2
      '@rollup/rollup-linux-x64-musl': 4.29.2
      '@rollup/rollup-win32-arm64-msvc': 4.29.2
      '@rollup/rollup-win32-ia32-msvc': 4.29.2
      '@rollup/rollup-win32-x64-msvc': 4.29.2
      fsevents: 2.3.3

  scroll-into-view-if-needed@2.2.31:
    dependencies:
      compute-scroll-into-view: 1.0.20

  seemly@0.3.9: {}

  shallow-equal@1.2.1: {}

  sortablejs@1.14.0: {}

  source-map-js@1.2.1: {}

  stylis@4.3.4: {}

  throttle-debounce@5.0.2: {}

  treemate@0.3.11: {}

  typescript@5.6.3: {}

  vdirs@0.1.8(vue@3.5.13(typescript@5.6.3)):
    dependencies:
      evtd: 0.2.4
      vue: 3.5.13(typescript@5.6.3)

  vite-plugin-monaco-editor@1.1.0(monaco-editor@0.52.2):
    dependencies:
      monaco-editor: 0.52.2

  vite@6.0.7:
    dependencies:
      esbuild: 0.24.2
      postcss: 8.4.49
      rollup: 4.29.2
    optionalDependencies:
      fsevents: 2.3.3

  vooks@0.2.12(vue@3.5.13(typescript@5.6.3)):
    dependencies:
      evtd: 0.2.4
      vue: 3.5.13(typescript@5.6.3)

  vscode-uri@3.0.8: {}

  vue-demi@0.14.10(vue@3.5.13(typescript@5.6.3)):
    dependencies:
      vue: 3.5.13(typescript@5.6.3)

  vue-tsc@2.2.0(typescript@5.6.3):
    dependencies:
      '@volar/typescript': 2.4.11
      '@vue/language-core': 2.2.0(typescript@5.6.3)
      typescript: 5.6.3

  vue-types@3.0.2(vue@3.5.13(typescript@5.6.3)):
    dependencies:
      is-plain-object: 3.0.1
      vue: 3.5.13(typescript@5.6.3)

  vue@3.5.13(typescript@5.6.3):
    dependencies:
      '@vue/compiler-dom': 3.5.13
      '@vue/compiler-sfc': 3.5.13
      '@vue/runtime-dom': 3.5.13
      '@vue/server-renderer': 3.5.13(vue@3.5.13(typescript@5.6.3))
      '@vue/shared': 3.5.13
    optionalDependencies:
      typescript: 5.6.3

  vuedraggable@4.1.0(vue@3.5.13(typescript@5.6.3)):
    dependencies:
      sortablejs: 1.14.0
      vue: 3.5.13(typescript@5.6.3)

  vueuc@0.4.64(vue@3.5.13(typescript@5.6.3)):
    dependencies:
      '@css-render/vue3-ssr': 0.15.14(vue@3.5.13(typescript@5.6.3))
      '@juggle/resize-observer': 3.4.0
      css-render: 0.15.14
      evtd: 0.2.4
      seemly: 0.3.9
      vdirs: 0.1.8(vue@3.5.13(typescript@5.6.3))
      vooks: 0.2.12(vue@3.5.13(typescript@5.6.3))
      vue: 3.5.13(typescript@5.6.3)

  warning@4.0.3:
    dependencies:
      loose-envify: 1.4.0
