{
  "originHash" : "2aa1ce78f2fbfdfc6fbfe9b1ff41a22cd1ec6041db5fdc2aca638d31c538a830",
  "pins" : [
    {
      "identity" : "keychain-swift",
      "kind" : "remoteSourceControl",
      "location" : "https://github.com/evgenyneu/keychain-swift",
      "state" : {
        "revision" : "5e1b02b6a9dac2a759a1d5dbc175c86bd192a608",
        "version" : "24.0.0"
      }
    },
    {
      "identity" : "swift-crypto",
      "kind" : "remoteSourceControl",
      "location" : "https://github.com/apple/swift-crypto.git",
      "state" : {
        "revision" : "81bee98e706aee68d39ed5996db069ef2b313d62",
        "version" : "3.7.1"
      }
    }
  ],
  "version" : 3
}
