{
  "name": "workerspaces-demo",
  "version": "1.0.0",
  "lockfileVersion": 2,
  "requires": true,
  "packages": {
    "": {
      "name": "workerspaces-demo",
      "version": "1.0.0",
      "license": "ISC",
      "workspaces": [
        "packages/foo",
        "packages/bar"
      ],
      "dependencies": {
        "lodash": "^4.17.21"
      }
    },
    "node_modules/abbrev": {
      "version": "2.0.0",
      "resolved": "https://registry.npmmirror.com/abbrev/-/abbrev-2.0.0.tgz",
      "integrity": "sha512-6/mh1E2u2YgEsCHdY0Yx5oW+61gZU+1vXaoiHHrpKeuRNNgFvS+/jrwHiQhB5apAf5oB7UB7E19ol2R2LKH8hQ==",
      "engines": {
        "node": "^14.17.0 || ^16.13.0 || >=18.0.0"
      }
    },
    "node_modules/bar": {
      "resolved": "packages/bar",
      "link": true
    },
    "node_modules/foo": {
      "resolved": "packages/foo",
      "link": true
    },
    "node_modules/lodash": {
      "version": "4.17.21",
      "resolved": "https://registry.npmmirror.com/lodash/-/lodash-4.17.21.tgz",
      "integrity": "sha512-v2kDEe57lecTulaDIuNTPy3Ry4gLGJ6Z1O3vE1krgXZNrsQ+LFTGHVxVjcXPs17LhbZVGedAJv8XZ1tvj5FvSg=="
    },
    "packages/bar": {
      "version": "1.0.0",
      "license": "ISC",
      "devDependencies": {}
    },
    "packages/foo": {
      "version": "1.0.0",
      "license": "ISC",
      "dependencies": {
        "abbrev": "^2.0.0"
      },
      "devDependencies": {}
    }
  },
  "dependencies": {
    "abbrev": {
      "version": "2.0.0",
      "resolved": "https://registry.npmmirror.com/abbrev/-/abbrev-2.0.0.tgz",
      "integrity": "sha512-6/mh1E2u2YgEsCHdY0Yx5oW+61gZU+1vXaoiHHrpKeuRNNgFvS+/jrwHiQhB5apAf5oB7UB7E19ol2R2LKH8hQ=="
    },
    "bar": {
      "version": "file:packages/bar"
    },
    "foo": {
      "version": "file:packages/foo",
      "requires": {
        "abbrev": "*"
      }
    },
    "lodash": {
      "version": "4.17.21",
      "resolved": "https://registry.npmmirror.com/lodash/-/lodash-4.17.21.tgz",
      "integrity": "sha512-v2kDEe57lecTulaDIuNTPy3Ry4gLGJ6Z1O3vE1krgXZNrsQ+LFTGHVxVjcXPs17LhbZVGedAJv8XZ1tvj5FvSg=="
    }
  }
}
